{
    "_meta": {
        "hash": {
            "sha256": "4f68820db4d28a90211b5979d86bc33cd86061396fa891136649c9a341081b39"
        },
        "pipfile-spec": 6,
        "requires": {
            "python_version": "3.7"
        },
        "sources": [
            {
                "name": "pypi",
                "url": "https://pypi.org/simple",
                "verify_ssl": true
            }
        ]
    },
    "default": {
        "attrs": {
            "hashes": [
                "sha256:08a96c641c3a74e44eb59afb61a24f2cb9f4d7188748e76ba4bb5edfa3cb7d1c",
                "sha256:f7b7ce16570fe9965acd6d30101a28f62fb4a7f9e926b3bbc9b61f8b04247e72"
            ],
            "version": "==19.3.0"
        },
        "aws-cdk.assets": {
            "hashes": [
                "sha256:81b8330c14b3e58c71fa39ef2b9188715b6ac951eabca7c117d7648199c56c8f",
                "sha256:cf770022d97f60e2145de380da71444ab462241eaae8dc7ad08f9829a3f814d3"
            ],
            "version": "==1.33.1"
        },
        "aws-cdk.aws-apigateway": {
            "hashes": [
                "sha256:079ae8b3692cfba1ea51c95045f2f0e60aac9f85f660563c74bc27286438da4f",
                "sha256:d1cc553579b2cf2a523d46763c15c708ae47eb0de93f9fc4c976739008e596fd"
            ],
            "version": "==1.33.1"
        },
        "aws-cdk.aws-applicationautoscaling": {
            "hashes": [
                "sha256:8e8ac9f345a65aad8ddbc829db2a2f33188028e7874feef3cebeef63238fa0ee",
                "sha256:e593b514ab67263f7e601e4ec05d58557ddb47bb0d6308892559cbd581b0db1f"
            ],
            "version": "==1.33.1"
        },
        "aws-cdk.aws-autoscaling": {
            "hashes": [
                "sha256:e6b92c617ffef5a82939df8910c5c356870b82dc0ee2c3a4073fca7825570ba0",
                "sha256:e70c4fd22159e3962fcdb7009cdc9e506cf37ea0188ed1637b346b8c8061099a"
            ],
            "version": "==1.33.1"
        },
        "aws-cdk.aws-autoscaling-common": {
            "hashes": [
                "sha256:5186a1ed19eefaaef865190cf0601187440f8f5c23b86414991456531d0633d5",
                "sha256:c5a92322fc269f1a0ed07da87a82ad2c2cb37ae20d0831f866f47487d7f5f6f7"
            ],
            "version": "==1.33.1"
        },
        "aws-cdk.aws-autoscaling-hooktargets": {
            "hashes": [
                "sha256:1b8f36975d77a36ebf49f47cb648d5a62ff156318e4b7f3b83dd3859ded05173",
                "sha256:c873a25f74c0dfbd32cb071c2c7da4a970fb9e9529c8c2fa33d43333889cd5d8"
            ],
            "version": "==1.33.1"
        },
        "aws-cdk.aws-batch": {
            "hashes": [
                "sha256:088dbfc00679e127f761629890ca7a6d1ba4eedd8669b09b099d09b50dd4f868",
                "sha256:428bea5780f2fe061724c2564d5a6890d867572ee0f35b9d819c546afda8ea61"
            ],
            "version": "==1.33.1"
        },
        "aws-cdk.aws-certificatemanager": {
            "hashes": [
                "sha256:5fa5939d0cb75bc78018514d4f6f3377f9b08ce199c03e8fa13202f1c9089c06",
                "sha256:b5303a04ba68235cbf9cc4f7fcafe6ca698f589e4aaefd2fc501a5adcb8e4c8f"
            ],
            "version": "==1.33.1"
        },
        "aws-cdk.aws-cloudformation": {
            "hashes": [
                "sha256:7ca023ab224d323eb620af33b4fcdb4057014d488d58434182168842d1bc6bd2",
                "sha256:b69176bb83263b737f9ac4e3e093a06f015c38fbf20c1713822896c52b58ea68"
            ],
            "version": "==1.33.1"
        },
        "aws-cdk.aws-cloudfront": {
            "hashes": [
                "sha256:1c70d1317e49058286fda7dfdc7ac22591ec9c4a8aa865f2ad340bc46a5ad546",
                "sha256:cd0b14a4e43370f896789186abaf11d0a06345f18746ab658e9d5718618b2780"
            ],
            "version": "==1.33.1"
        },
        "aws-cdk.aws-cloudwatch": {
            "hashes": [
                "sha256:044b34166d4e8d15ec07647512ded7b3068f23d4bb64078570fb80cc4b3a8ebf",
                "sha256:e6f27524093a54ac2322e80fd0e5b456038d8f53ef967e778c4d93405662dbb1"
            ],
            "version": "==1.33.1"
        },
        "aws-cdk.aws-codebuild": {
            "hashes": [
                "sha256:0aa9dbf7374d4edcb75cadec0e0c1191ea48b9bf15179d7b51fbd3c2ab162133",
                "sha256:e39b079fffeeb46261bb78b816ecc10f3c9c58e6c83441eedeb6d2afc68d63d5"
            ],
            "version": "==1.33.1"
        },
        "aws-cdk.aws-codecommit": {
            "hashes": [
                "sha256:365e6691640c0c9511232429f8798e40918f339e4bc6f14921a33f91776c7a3b",
                "sha256:dd30fcc53de67ce61fba1e1c716086922d0431e8c9c63cc27b9e4403d71b94cd"
            ],
            "version": "==1.33.1"
        },
        "aws-cdk.aws-codepipeline": {
            "hashes": [
                "sha256:621b9b08d5aa9405d5531a4726a12ed26a219f0746f135310885e146a4892f3f",
                "sha256:99ae6e69e01df295028619c31a6285696d4781d162f32826b746b6e362c775e8"
            ],
            "version": "==1.33.1"
        },
        "aws-cdk.aws-dynamodb": {
            "hashes": [
                "sha256:398843abf4fdc1d8a63dee0151cbd9633dd4c093650b4e29af425b633cb85a0c",
                "sha256:f76c8ab5781f081dbfc81d704a85dd030bb114cf52be4742e83ad83c584bf140"
            ],
            "version": "==1.33.1"
        },
        "aws-cdk.aws-ec2": {
            "hashes": [
                "sha256:0492f7adcff8c4615cabd9c26f876f899a8bc18bd2cb11d171199b32e5cbd618",
                "sha256:8e5f5e85ddfa7cc1b6bb9c4b01f4185d7231853a153ded43650eadc77c84b1d8"
            ],
            "version": "==1.33.1"
        },
        "aws-cdk.aws-ecr": {
            "hashes": [
                "sha256:1404d8fa16c748aeddacc8f752e29a30ac232a46b3d47fdea2cc970de5a907ac",
                "sha256:9a76212e9a7d44a93e4a314e154be5a0e46a0097e131175005efaf3bb2fd801a"
            ],
            "version": "==1.33.1"
        },
        "aws-cdk.aws-ecr-assets": {
            "hashes": [
                "sha256:0dd217fbada66a986c9c7ffd449940f365c6390169a6e59e9341fffe5298dffc",
                "sha256:300c3a03cacda496bba2fac5dc180bbeaa3d20f369d8955364b24d8a04768b36"
            ],
            "version": "==1.33.1"
        },
        "aws-cdk.aws-ecs": {
            "hashes": [
                "sha256:5b27860ca2be4cc143036ca1831c626d525e8f55d3fcad8f2ec064e90add87dc",
                "sha256:d02f97a3a1e98706a045a9a720d863c1435240e0bf5294abe9b772b8d1af0910"
            ],
            "version": "==1.33.1"
        },
        "aws-cdk.aws-elasticloadbalancing": {
            "hashes": [
                "sha256:311451f4de28d70f977d88b4142aa77ddff831c9da65abc7b145cd5a827faac2",
                "sha256:ea887d24fceaf424f3d0e54f115eb4b485ab1590427bd278e23ee25c87ac09ff"
            ],
            "version": "==1.33.1"
        },
        "aws-cdk.aws-elasticloadbalancingv2": {
            "hashes": [
                "sha256:1fcf2a98d8473e5ddb146c4e96999a09e4c6169db40a5070696b62fa4dbf1ce6",
                "sha256:27b48c099952538028d5ac9d887b7ecd51a76cc793e1fcaadd6afdff2766a8e6"
            ],
            "version": "==1.33.1"
        },
        "aws-cdk.aws-emr": {
            "hashes": [
                "sha256:8d3dcf2209c93f2af48dc87fed69b86b3a79d6041390d393fc2651dc90423a1e",
                "sha256:d26ad5e8d6731176f5b25cbb7ec5bc4eb715c7679af7713d5bd8596ba1c3385a"
            ],
            "version": "==1.33.1"
        },
        "aws-cdk.aws-events": {
            "hashes": [
                "sha256:57cc7432cabf06fe32525dd0971c027463af9c0878beeac322a9093d0ebb924e",
                "sha256:98d950a393da6edb30c4198429ffc2df98aeb6c5913c2ecd145b11d587377100"
            ],
            "version": "==1.33.1"
        },
        "aws-cdk.aws-events-targets": {
            "hashes": [
                "sha256:60856e0319a7f15fdabd01e7783bc9f639ad241598c22486bc349bb3d9967beb",
                "sha256:6b8143b4d343dc7985c0ff21be3f7c8e970aaa17cfd6798aaf8a6c08c663ec10"
            ],
            "version": "==1.33.1"
        },
        "aws-cdk.aws-glue": {
            "hashes": [
                "sha256:47dfc91423629561faf0b236f4d5aac5ab056178a3460edb5445d18b9c8281d9",
                "sha256:5dad6b3e7acfec42b98d0ab11991f651a6b95f2dc557831cc09b41b0d5d6fb5f"
            ],
            "version": "==1.33.1"
        },
        "aws-cdk.aws-iam": {
            "hashes": [
                "sha256:6888b4f4a9551474439601ef7853b27c8f33dc8a4e8aea33284ed24638552cae",
                "sha256:c4e8fe506813f2ef514482ec4885e802b85701b6d41269309f5d4c004f0ae7da"
            ],
            "version": "==1.33.1"
        },
        "aws-cdk.aws-kinesis": {
            "hashes": [
                "sha256:1404f72b3e02dbece7e748f1b6c244c19848d1ae2b8719b9e627173d25e43e2b",
                "sha256:fe2f412b21b625b07e2581562707f7a36b5a1d8e76a9894033918a2edb5c74ba"
            ],
            "version": "==1.33.1"
        },
        "aws-cdk.aws-kms": {
            "hashes": [
                "sha256:c686631f18da44a235bf3dc98aa561d15bd859504045f9c04bcb74671cf71948",
                "sha256:d7a6d534feef8827686fab1ba01163253acbd098e3eeabd645b2f7eb418f568e"
            ],
            "version": "==1.33.1"
        },
        "aws-cdk.aws-lambda": {
            "hashes": [
                "sha256:4dc0e5b9922b3ad0b2ec45f782dec6d2c1e31fa6e8620ac6e96d5e00b5712efa",
                "sha256:cb003d1fc455e4001c55146cb9219a368501321efe5dccdd168d88d914099320"
            ],
            "version": "==1.33.1"
        },
        "aws-cdk.aws-lambda-event-sources": {
            "hashes": [
                "sha256:ac78a97248ed94c9a4f8c818e5ffa0a307a7c5470889ca7548c09deaeacc0b1b",
                "sha256:e6bf77ef61bfcc02b90509fbcc296ee8adad8ed142565192adec8e660194371e"
            ],
            "version": "==1.33.1"
        },
        "aws-cdk.aws-logs": {
            "hashes": [
                "sha256:480516b322dd75f27e3574578105c232efb2f89c0a357a0dae68ed01f1412a54",
                "sha256:6bc04e6bf2b8cfecfd2db6ae462ac36532646c5691cd6f905e7a0e4a21fb7a9a"
            ],
            "version": "==1.33.1"
        },
        "aws-cdk.aws-route53": {
            "hashes": [
                "sha256:413b833018a045d27b51f0b61a55536418e0b88711070d0c46bc3de9f212eccb",
                "sha256:dda46d318eed0d5922aa440315d23fdb527bab5d22d29904790668df7747c0a7"
            ],
            "version": "==1.33.1"
        },
        "aws-cdk.aws-route53-targets": {
            "hashes": [
                "sha256:365312a37fcf5e49c88290496ea530dfdcc39dc621a9efe4099b1f0b84c2ef3d",
                "sha256:c762b5f566927af405cb2d56fec1076c18d31184f886c6bec3027838d2ea1191"
            ],
            "version": "==1.33.1"
        },
        "aws-cdk.aws-s3": {
            "hashes": [
                "sha256:27c5d968720695ca12ea14ddef4fe5f80acf3c07148109b1edc6b534ca865985",
                "sha256:c8a6315470df0cb0c5c093a1b62dd9896266f3ed0d73c5e1c7739069dcc6e9d1"
            ],
            "version": "==1.33.1"
        },
        "aws-cdk.aws-s3-assets": {
            "hashes": [
                "sha256:9dc4b7ead72b6491bdd90228b1c0cfb9338b9fb3f2762cf367cd610517e019a3",
                "sha256:b48a3021318a7d0e487c8743335ed6299ee27d3401e0c5b965df24deae673c8e"
            ],
            "version": "==1.33.1"
        },
        "aws-cdk.aws-s3-notifications": {
            "hashes": [
                "sha256:618e8db7a9f2bb4fe200f4328e1e39b268a916dbc42997ef4319e1555053763c",
                "sha256:cdd83606a5223286f0af5a62dfe6838fe51525b975efbc987b92da4aec6f1387"
            ],
            "version": "==1.33.1"
        },
        "aws-cdk.aws-s3.deployment": {
            "hashes": [
                "sha256:11cedf770ef2a3bab43b90bc5641e926425c5d321110ec6a92b7370f7f4d065d"
            ],
            "version": "==1.33.1"
        },
        "aws-cdk.aws-sam": {
            "hashes": [
                "sha256:28bf6677988a9d1b74419e656c890c15a8804091f983a3b87df7edc55e6aaac1",
                "sha256:cc39a18df7fc97c1a66e9e3ea0c480f650fbea94ca18be51a6fcc88f501ad368"
            ],
            "version": "==1.33.1"
        },
        "aws-cdk.aws-secretsmanager": {
            "hashes": [
                "sha256:3d8fbcf88628d9f0bc3f50b018e3b8b6c7c471f0442601aa02c198329dd82631",
                "sha256:e10dcbe3e91efdf20942d5044cc5ab6fe32e6097898d601e7407ee0cd721f267"
            ],
            "version": "==1.33.1"
        },
        "aws-cdk.aws-servicediscovery": {
            "hashes": [
                "sha256:12348129b51e726de7866c110470122b5db925d5bffcad6d334b80a019886a93",
                "sha256:b7020e9b7abf1a299501458facca7e8c55af9cb48f1c332174066cb7e5b01fb7"
            ],
            "version": "==1.33.1"
        },
        "aws-cdk.aws-sns": {
            "hashes": [
                "sha256:25f5b7b9880ee963af13dc103b21247a87104755cf37be1b87846d8c3557eac7",
                "sha256:8be2da92aada7be1f2198afd2bbc6edc3a3bd62681f7481fd17f7102734d3313"
            ],
            "version": "==1.33.1"
        },
        "aws-cdk.aws-sns-subscriptions": {
            "hashes": [
                "sha256:01df0bb562c8a184b68057fefb81704358bb6eb715002064ae742c5334b8d966",
                "sha256:983500162919a92ba050e903ad8bdacd5ae23b2a024f94ef1c7a305b2face3c2"
            ],
            "version": "==1.33.1"
        },
        "aws-cdk.aws-sqs": {
            "hashes": [
                "sha256:32cf8ed18e357115117104f4e8deb5ae187735f133fdc3497292326976a94127",
                "sha256:b9896c716c9a811ddf30d6afa74d67d7d3b9fff00c5130c873ce285d42dab48c"
            ],
            "version": "==1.33.1"
        },
        "aws-cdk.aws-ssm": {
            "hashes": [
                "sha256:7b536180372882a93be0a4c07db048d08da1a15b00bfffd02478f405eeca01f3",
                "sha256:8799d741ef9bc6c6b8cfbe811a16f1d508d755673af7b53ee50ee676526f24e1"
            ],
            "version": "==1.33.1"
        },
        "aws-cdk.aws-stepfunctions": {
            "hashes": [
                "sha256:2925d506c3c3b96ef47fa216c658bff5966cb1d738e66224ef32d3fde490e92e",
                "sha256:5ccb9d0f4dbcc3f7612bad48143f58fefb87947c3803937d186fa5a04083f0de"
            ],
            "version": "==1.33.1"
        },
        "aws-cdk.aws-stepfunctions-tasks": {
            "hashes": [
                "sha256:5a3625f1d5326b529081f4aecd55a07d10856f5f8efc29e74c44712d815eec37",
                "sha256:901ee6febdbed6a4200c855107e716f6437140ef951a12dd5886f316d1c2d10e"
            ],
            "version": "==1.33.1"
        },
        "aws-cdk.cloud-assembly-schema": {
            "hashes": [
                "sha256:051074daa79294f5cfea32ce776d6341c31ca4f10b06b5d808b54ae766b72041",
                "sha256:4f897e97f27f574e92ec012e697e88fb99822843044d2699f7c0955a7faff120"
            ],
            "version": "==1.33.1"
        },
        "aws-cdk.core": {
            "hashes": [
                "sha256:5aa5b2b7f39f8439596b768881df7bcea022bcc4cd3827285754e37666153648",
                "sha256:95aac004f6b81cb688f4a241c2a8416b2dcd8c7e50b0c8a276c43ddf5790b320"
            ],
            "version": "==1.33.1"
        },
        "aws-cdk.custom-resources": {
            "hashes": [
                "sha256:56e85e2c59e410cbbbd23c4ff74667007b929f2983ad73de36e9165679cfc8c7",
                "sha256:d868f745ef986c11f0cdbcee00a4dd6f569adb827970fe632330f34226f2c556"
            ],
            "version": "==1.33.1"
        },
        "aws-cdk.cx-api": {
            "hashes": [
                "sha256:7ccc599abd634f85a4dc18def11cd913fe5712dc1a6bbfaeecdd115b0701d027",
                "sha256:f7158341cbfd3344ccdca892adb459608d85d9547a6f6387d8a5b3ae19d17b0e"
            ],
            "version": "==1.33.1"
        },
        "aws-cdk.region-info": {
            "hashes": [
                "sha256:01bb66384be58511565075dbda944a2418a420821bb8574ad4804d9e6bdb05b8",
                "sha256:193548dd50f3a72588921f401d705f0dc314cf613fbdf3ce409a92efb5ea8990"
            ],
            "version": "==1.33.1"
        },
        "aws-emr-launch": {
            "editable": true,
            "path": "."
        },
        "boto3": {
            "hashes": [
                "sha256:bd005143eadea91dcba536caffcdd19d9a4dbefa7f59ddd503ef0ef2e5079c36",
                "sha256:c205c9d69beb43f1dee6f8c30029a418afe1f82fc52a254d9f3b5ab24ee5dd00"
            ],
            "version": "==1.12.42"
        },
        "botocore": {
            "hashes": [
                "sha256:1b7730de543a751c2491f1510688f3c34a8b9669998d8b88f8facf6c3be3c790",
                "sha256:2ce77c2b11253b64a3d7ec0aa696c064d6ed83c32e6288fc2d59f485f8119828"
            ],
            "version": "==1.15.42"
        },
        "cattrs": {
            "hashes": [
                "sha256:616972ae3dfa6e623a40ad3cb845420e64942989152774ab055e5c2b2f89f997",
                "sha256:b7ab5cf8ad127c42eefd01410c1c6e28569a45a255ea80ed968511873c433c7a"
            ],
            "version": "==1.0.0"
        },
        "constructs": {
            "hashes": [
                "sha256:41a5b936e9577168fddebe9ff264cef04fafe5e85b280e3d45a77f549f2cf83f",
                "sha256:c9869b310d10b704f1bc5dd576187b1b38c8f25555eafbad1fa35ddeb929cea1"
            ],
            "version": "==3.0.2"
        },
        "docutils": {
            "hashes": [
                "sha256:6c4f696463b79f1fb8ba0c594b63840ebd41f059e92b31957c46b74a4599b6d0",
                "sha256:9e4d7ecfc600058e07ba661411a2b7de2fd0fafa17d1a7f7361cd47b1175c827",
                "sha256:a2aeea129088da402665e92e0b25b04b073c04b2dce4ab65caaa38b7ce2e1a99"
            ],
            "version": "==0.15.2"
        },
        "jmespath": {
            "hashes": [
                "sha256:695cb76fa78a10663425d5b73ddc5714eb711157e52704d69be03b1a02ba4fec",
                "sha256:cca55c8d153173e21baa59983015ad0daf603f9cb799904ff057bfb8ff8dc2d9"
            ],
            "version": "==0.9.5"
        },
        "jsii": {
            "hashes": [
                "sha256:37146cf6955a040d99c80ab9cb53ec00ca49e73a324d35b3c28c0d089c8e16f1",
                "sha256:4e07058471876c40d50cb29f81f0f8a9d766c3fb6d9eb2b1c1b3d499cc17df65"
            ],
            "version": "==1.1.1"
        },
        "logzero": {
            "hashes": [
                "sha256:34fa1e2e436dfa9f37e5ff8750e932bafe0c5abbb42e1f669e4cf5ce1f179142",
                "sha256:818072e4fcb53a3f6fb4114a92f920e1135fe6f47bffd9dc2b6c4d10eedacf27"
            ],
            "version": "==1.5.0"
        },
        "publication": {
            "hashes": [
                "sha256:0248885351febc11d8a1098d5c8e3ab2dabcf3e8c0c96db1e17ecd12b53afbe6",
                "sha256:68416a0de76dddcdd2930d1c8ef853a743cc96c82416c4e4d3b5d901c6276dc4"
            ],
            "version": "==0.0.3"
        },
        "python-dateutil": {
            "hashes": [
                "sha256:73ebfe9dbf22e832286dafa60473e4cd239f8592f699aa5adaf10050e6e1823c",
                "sha256:75bb3f31ea686f1197762692a9ee6a7550b59fc6ca3a1f4b5d7e32fb98e2da2a"
            ],
            "version": "==2.8.1"
        },
        "s3transfer": {
            "hashes": [
                "sha256:2482b4259524933a022d59da830f51bd746db62f047d6eb213f2f8855dcb8a13",
                "sha256:921a37e2aefc64145e7b73d50c71bb4f26f46e4c9f414dc648c6245ff92cf7db"
            ],
            "version": "==0.3.3"
        },
        "six": {
            "hashes": [
                "sha256:236bdbdce46e6e6a3d61a337c0f8b763ca1e8717c03b369e87a7ec7ce1319c0a",
                "sha256:8f3cd2e254d8f793e7f3d6d9df77b92252b52637291d0f0da013c76ea2724b6c"
            ],
            "version": "==1.14.0"
        },
        "typing-extensions": {
            "hashes": [
                "sha256:6e95524d8a547a91e08f404ae485bbb71962de46967e1b71a0cb89af24e761c5",
                "sha256:79ee589a3caca649a9bfd2a8de4709837400dfa00b6cc81962a1e6a1815969ae",
                "sha256:f8d2bd89d25bc39dabe7d23df520442fa1d8969b82544370e03d88b5a591c392"
            ],
            "version": "==3.7.4.2"
        },
        "urllib3": {
            "hashes": [
                "sha256:3018294ebefce6572a474f0604c2021e33b3fd8006ecd11d62107a5d2a963527",
                "sha256:88206b0eb87e6d677d424843ac5209e3fb9d0190d0ee169599165ec25e9d9115"
            ],
            "markers": "python_version != '3.4'",
            "version": "==1.25.9"
        }
    },
    "develop": {
        "attrs": {
            "hashes": [
                "sha256:08a96c641c3a74e44eb59afb61a24f2cb9f4d7188748e76ba4bb5edfa3cb7d1c",
                "sha256:f7b7ce16570fe9965acd6d30101a28f62fb4a7f9e926b3bbc9b61f8b04247e72"
            ],
            "version": "==19.3.0"
        },
        "bleach": {
            "hashes": [
                "sha256:cc8da25076a1fe56c3ac63671e2194458e0c4d9c7becfd52ca251650d517903c",
                "sha256:e78e426105ac07026ba098f04de8abe9b6e3e98b5befbf89b51a5ef0a4292b03"
            ],
            "version": "==3.1.4"
        },
        "certifi": {
            "hashes": [
                "sha256:1d987a998c75633c40847cc966fcf5904906c920a7f17ef374f5aa4282abd304",
                "sha256:51fcb31174be6e6664c5f69e3e1691a2d72a1a12e90f872cbdb1567eb47b6519"
            ],
            "version": "==2020.4.5.1"
        },
        "chardet": {
            "hashes": [
                "sha256:84ab92ed1c4d4f16916e05906b6b75a6c0fb5db821cc65e70cbd64a3e2a5eaae",
                "sha256:fc323ffcaeaed0e0a02bf4d117757b98aed530d9ed4531e3e15460124c106691"
            ],
            "version": "==3.0.4"
        },
        "check-manifest": {
            "hashes": [
                "sha256:4046b1260e63c139be6441fe8db8d9221f495ff39b81add2a55e5ca35dde7a6a",
                "sha256:88afe85b751717688f8bc3b63d9543d0d962da98f1f420c554eaeb8d76c571a8"
            ],
            "version": "==0.41"
        },
        "colorama": {
            "hashes": [
                "sha256:7d73d2a99753107a36ac6b455ee49046802e59d9d076ef8e47b61499fa29afff",
                "sha256:e96da0d330793e2cb9485e9ddfd918d456036c7149416295932478192f4436a1"
            ],
            "version": "==0.4.3"
        },
        "coverage": {
            "hashes": [
                "sha256:00f1d23f4336efc3b311ed0d807feb45098fc86dee1ca13b3d6768cdab187c8a",
                "sha256:01333e1bd22c59713ba8a79f088b3955946e293114479bbfc2e37d522be03355",
                "sha256:0cb4be7e784dcdc050fc58ef05b71aa8e89b7e6636b99967fadbdba694cf2b65",
                "sha256:0e61d9803d5851849c24f78227939c701ced6704f337cad0a91e0972c51c1ee7",
                "sha256:1601e480b9b99697a570cea7ef749e88123c04b92d84cedaa01e117436b4a0a9",
                "sha256:2742c7515b9eb368718cd091bad1a1b44135cc72468c731302b3d641895b83d1",
                "sha256:2d27a3f742c98e5c6b461ee6ef7287400a1956c11421eb574d843d9ec1f772f0",
                "sha256:402e1744733df483b93abbf209283898e9f0d67470707e3c7516d84f48524f55",
                "sha256:5c542d1e62eece33c306d66fe0a5c4f7f7b3c08fecc46ead86d7916684b36d6c",
                "sha256:5f2294dbf7875b991c381e3d5af2bcc3494d836affa52b809c91697449d0eda6",
                "sha256:6402bd2fdedabbdb63a316308142597534ea8e1895f4e7d8bf7476c5e8751fef",
                "sha256:66460ab1599d3cf894bb6baee8c684788819b71a5dc1e8fa2ecc152e5d752019",
                "sha256:782caea581a6e9ff75eccda79287daefd1d2631cc09d642b6ee2d6da21fc0a4e",
                "sha256:79a3cfd6346ce6c13145731d39db47b7a7b859c0272f02cdb89a3bdcbae233a0",
                "sha256:7a5bdad4edec57b5fb8dae7d3ee58622d626fd3a0be0dfceda162a7035885ecf",
                "sha256:8fa0cbc7ecad630e5b0f4f35b0f6ad419246b02bc750de7ac66db92667996d24",
                "sha256:a027ef0492ede1e03a8054e3c37b8def89a1e3c471482e9f046906ba4f2aafd2",
                "sha256:a3f3654d5734a3ece152636aad89f58afc9213c6520062db3978239db122f03c",
                "sha256:a82b92b04a23d3c8a581fc049228bafde988abacba397d57ce95fe95e0338ab4",
                "sha256:acf3763ed01af8410fc36afea23707d4ea58ba7e86a8ee915dfb9ceff9ef69d0",
                "sha256:adeb4c5b608574a3d647011af36f7586811a2c1197c861aedb548dd2453b41cd",
                "sha256:b83835506dfc185a319031cf853fa4bb1b3974b1f913f5bb1a0f3d98bdcded04",
                "sha256:bb28a7245de68bf29f6fb199545d072d1036a1917dca17a1e75bbb919e14ee8e",
                "sha256:bf9cb9a9fd8891e7efd2d44deb24b86d647394b9705b744ff6f8261e6f29a730",
                "sha256:c317eaf5ff46a34305b202e73404f55f7389ef834b8dbf4da09b9b9b37f76dd2",
                "sha256:dbe8c6ae7534b5b024296464f387d57c13caa942f6d8e6e0346f27e509f0f768",
                "sha256:de807ae933cfb7f0c7d9d981a053772452217df2bf38e7e6267c9cbf9545a796",
                "sha256:dead2ddede4c7ba6cb3a721870f5141c97dc7d85a079edb4bd8d88c3ad5b20c7",
                "sha256:dec5202bfe6f672d4511086e125db035a52b00f1648d6407cc8e526912c0353a",
                "sha256:e1ea316102ea1e1770724db01998d1603ed921c54a86a2efcb03428d5417e489",
                "sha256:f90bfc4ad18450c80b024036eaf91e4a246ae287701aaa88eaebebf150868052"
            ],
            "version": "==5.1"
        },
        "docutils": {
            "hashes": [
                "sha256:6c4f696463b79f1fb8ba0c594b63840ebd41f059e92b31957c46b74a4599b6d0",
                "sha256:9e4d7ecfc600058e07ba661411a2b7de2fd0fafa17d1a7f7361cd47b1175c827",
                "sha256:a2aeea129088da402665e92e0b25b04b073c04b2dce4ab65caaa38b7ce2e1a99"
            ],
            "version": "==0.15.2"
        },
        "entrypoints": {
            "hashes": [
                "sha256:589f874b313739ad35be6e0cd7efde2a4e9b6fea91edcc34e58ecbb8dbe56d19",
                "sha256:c70dd71abe5a8c85e55e12c19bd91ccfeec11a6e99044204511f9ed547d48451"
            ],
            "version": "==0.3"
        },
        "flake8": {
            "hashes": [
                "sha256:45681a117ecc81e870cbf1262835ae4af5e7a8b08e40b944a8a6e6b895914cfb",
                "sha256:49356e766643ad15072a789a20915d3c91dc89fd313ccd71802303fd67e4deca"
            ],
            "version": "==3.7.9"
        },
        "idna": {
            "hashes": [
                "sha256:7588d1c14ae4c77d74036e8c22ff447b26d0fde8f007354fd48a7814db15b7cb",
                "sha256:a068a21ceac8a4d63dbfd964670474107f541babbd2250d61922f029858365fa"
            ],
            "version": "==2.9"
        },
        "importlib-metadata": {
            "hashes": [
                "sha256:2a688cbaa90e0cc587f1df48bdc97a6eadccdcd9c35fb3f976a09e3b5016d90f",
                "sha256:34513a8a0c4962bc66d35b359558fd8a5e10cd472d37aec5f66858addef32c1e"
            ],
            "markers": "python_version < '3.8'",
            "version": "==1.6.0"
        },
        "keyring": {
            "hashes": [
                "sha256:197fd5903901030ef7b82fe247f43cfed2c157a28e7747d1cfcf4bc5e699dd03",
                "sha256:8179b1cdcdcbc221456b5b74e6b7cfa06f8dd9f239eb81892166d9223d82c5ba"
            ],
            "version": "==21.2.0"
        },
        "mccabe": {
            "hashes": [
                "sha256:ab8a6258860da4b6677da4bd2fe5dc2c659cff31b3ee4f7f5d64e79735b80d42",
                "sha256:dd8d182285a0fe56bace7f45b5e7d1a6ebcbf524e8f3bd87eb0f125271b8831f"
            ],
            "version": "==0.6.1"
        },
        "more-itertools": {
            "hashes": [
                "sha256:5dd8bcf33e5f9513ffa06d5ad33d78f31e1931ac9a18f33d37e77a180d393a7c",
                "sha256:b1ddb932186d8a6ac451e1d95844b382f55e12686d51ca0c68b6f61f2ab7a507"
            ],
            "version": "==8.2.0"
        },
        "packaging": {
            "hashes": [
                "sha256:3c292b474fda1671ec57d46d739d072bfd495a4f51ad01a055121d81e952b7a3",
                "sha256:82f77b9bee21c1bafbf35a84905d604d5d1223801d639cf3ed140bd651c08752"
            ],
            "version": "==20.3"
        },
        "pep517": {
            "hashes": [
                "sha256:576c480be81f3e1a70a16182c762311eb80d1f8a7b0d11971e5234967d7a342c",
                "sha256:8e6199cf1288d48a0c44057f112acf18aa5ebabbf73faa242f598fbe145ba29e"
            ],
            "version": "==0.8.2"
        },
        "pkginfo": {
            "hashes": [
                "sha256:7424f2c8511c186cd5424bbf31045b77435b37a8d604990b79d4e70d741148bb",
                "sha256:a6d9e40ca61ad3ebd0b72fbadd4fba16e4c0e4df0428c041e01e06eb6ee71f32"
            ],
            "version": "==1.5.0.1"
        },
        "pluggy": {
            "hashes": [
                "sha256:15b2acde666561e1298d71b523007ed7364de07029219b604cf808bfa1c765b0",
                "sha256:966c145cd83c96502c3c3868f50408687b38434af77734af1e9ca461a4081d2d"
            ],
            "version": "==0.13.1"
        },
        "py": {
            "hashes": [
                "sha256:5e27081401262157467ad6e7f851b7aa402c5852dbcb3dae06768434de5752aa",
                "sha256:c20fdd83a5dbc0af9efd622bee9a5564e278f6380fffcacc43ba6f43db2813b0"
            ],
            "version": "==1.8.1"
        },
        "pycodestyle": {
            "hashes": [
                "sha256:95a2219d12372f05704562a14ec30bc76b05a5b297b21a5dfe3f6fac3491ae56",
                "sha256:e40a936c9a450ad81df37f549d676d127b1b66000a6c500caa2b085bc0ca976c"
            ],
            "version": "==2.5.0"
        },
        "pyflakes": {
            "hashes": [
                "sha256:17dbeb2e3f4d772725c777fabc446d5634d1038f234e77343108ce445ea69ce0",
                "sha256:d976835886f8c5b31d47970ed689944a0262b5f3afa00a5a7b4dc81e5449f8a2"
            ],
            "version": "==2.1.1"
        },
        "pygments": {
            "hashes": [
                "sha256:647344a061c249a3b74e230c739f434d7ea4d8b1d5f3721bc0f3558049b38f44",
                "sha256:ff7a40b4860b727ab48fad6360eb351cc1b33cbf9b15a0f689ca5353e9463324"
            ],
            "version": "==2.6.1"
        },
        "pyparsing": {
            "hashes": [
                "sha256:c203ec8783bf771a155b207279b9bccb8dea02d8f0c9e5f8ead507bc3246ecc1",
                "sha256:ef9d7589ef3c200abe66653d3f1ab1033c3c419ae9b9bdb1240a85b024efc88b"
            ],
            "version": "==2.4.7"
        },
        "pyroma": {
            "hashes": [
                "sha256:351758a81e2a12c970deb73687e239636aad52795cd81429695073d59fff0699",
                "sha256:c49c00377219626bf83df42adf018cc231e6162b68cc7aaf2ff1c63803924102"
            ],
            "version": "==2.6"
        },
        "pytest": {
            "hashes": [
                "sha256:0e5b30f5cb04e887b91b1ee519fa3d89049595f428c1db76e73bd7f17b09b172",
                "sha256:84dde37075b8805f3d1f392cc47e38a0e59518fb46a431cfdaf7cf1ce805f970"
            ],
            "index": "pypi",
            "version": "==5.4.1"
        },
        "pytest-cov": {
            "hashes": [
                "sha256:cc6742d8bac45070217169f5f72ceee1e0e55b0221f54bcf24845972d3a47f2b",
                "sha256:cdbdef4f870408ebdbfeb44e63e07eb18bb4619fae852f6e760645fa36172626"
            ],
            "index": "pypi",
            "version": "==2.8.1"
        },
        "pytest-flake8": {
            "hashes": [
                "sha256:4d225c13e787471502ff94409dcf6f7927049b2ec251c63b764a4b17447b60c0",
                "sha256:d7e2b6b274a255b7ae35e9224c85294b471a83b76ecb6bd53c337ae977a499af"
            ],
            "index": "pypi",
            "version": "==1.0.4"
        },
        "readme-renderer": {
            "hashes": [
                "sha256:1b6d8dd1673a0b293766b4106af766b6eff3654605f9c4f239e65de6076bc222",
                "sha256:e67d64242f0174a63c3b727801a2fff4c1f38ebe5d71d95ff7ece081945a6cd4"
            ],
            "version": "==25.0"
        },
        "requests": {
            "hashes": [
                "sha256:43999036bfa82904b6af1d99e4882b560e5e2c68e5c4b0aa03b655f3d7d73fee",
                "sha256:b3f43d496c6daba4493e7c431722aeb7dbc6288f52a6e04e7b6023b0247817e6"
            ],
            "version": "==2.23.0"
        },
        "requests-toolbelt": {
            "hashes": [
                "sha256:380606e1d10dc85c3bd47bf5a6095f815ec007be7a8b69c878507068df059e6f",
                "sha256:968089d4584ad4ad7c171454f0a5c6dac23971e9472521ea3b6d49d610aa6fc0"
            ],
            "version": "==0.9.1"
        },
        "six": {
            "hashes": [
                "sha256:236bdbdce46e6e6a3d61a337c0f8b763ca1e8717c03b369e87a7ec7ce1319c0a",
                "sha256:8f3cd2e254d8f793e7f3d6d9df77b92252b52637291d0f0da013c76ea2724b6c"
            ],
            "version": "==1.14.0"
        },
        "toml": {
            "hashes": [
                "sha256:229f81c57791a41d65e399fc06bf0848bab550a9dfd5ed66df18ce5f05e73d5c",
                "sha256:235682dd292d5899d361a811df37e04a8828a5b1da3115886b73cf81ebc9100e"
            ],
            "version": "==0.10.0"
        },
        "tqdm": {
            "hashes": [
                "sha256:00339634a22c10a7a22476ee946bbde2dbe48d042ded784e4d88e0236eca5d81",
                "sha256:ea9e3fd6bd9a37e8783d75bfc4c1faf3c6813da6bd1c3e776488b41ec683af94"
            ],
            "version": "==4.45.0"
        },
        "twine": {
            "hashes": [
                "sha256:c1af8ca391e43b0a06bbc155f7f67db0bf0d19d284bfc88d1675da497a946124",
                "sha256:d561a5e511f70275e5a485a6275ff61851c16ffcb3a95a602189161112d9f160"
            ],
            "version": "==3.1.1"
        },
        "urllib3": {
            "hashes": [
                "sha256:3018294ebefce6572a474f0604c2021e33b3fd8006ecd11d62107a5d2a963527",
                "sha256:88206b0eb87e6d677d424843ac5209e3fb9d0190d0ee169599165ec25e9d9115"
            ],
            "markers": "python_version != '3.4'",
            "version": "==1.25.9"
        },
        "wcwidth": {
            "hashes": [
                "sha256:cafe2186b3c009a04067022ce1dcd79cb38d8d65ee4f4791b8888d6599d1bbe1",
                "sha256:ee73862862a156bf77ff92b09034fc4825dd3af9cf81bc5b360668d425f3c5f1"
            ],
            "version": "==0.1.9"
        },
        "webencodings": {
            "hashes": [
                "sha256:a0af1213f3c2226497a97e2b3aa01a7e4bee4f403f95be16fc9acd2947514a78",
                "sha256:b36a1c245f2d304965eb4e0a82848379241dc04b865afcc4aab16748587e1923"
            ],
            "version": "==0.5.1"
        },
        "wheel": {
            "hashes": [
                "sha256:8788e9155fe14f54164c1b9eb0a319d98ef02c160725587ad60f14ddc57b6f96",
                "sha256:df277cb51e61359aba502208d680f90c0493adec6f0e848af94948778aed386e"
            ],
            "version": "==0.34.2"
        },
        "zest-releaser": {
            "extras": [
                "recommended"
            ],
            "hashes": [
                "sha256:145b192f8e9c4d081c466c5f4be8c393c78936bf7ac736e0baad3a66597fe754"
            ],
            "index": "pypi",
            "version": "==6.19.0"
        },
        "zipp": {
            "hashes": [
                "sha256:aa36550ff0c0b7ef7fa639055d797116ee891440eac1a56f378e2d3179e0320b",
                "sha256:c599e4d75c98f6798c509911d08a22e6c021d074469042177c8c86fb92eefd96"
            ],
            "markers": "python_version < '3.8'",
            "version": "==3.1.0"
        }
    }
}
