{
    "_meta": {
        "hash": {
            "sha256": "281c98aa49412a5f5cb5c52d5c745213264422f2c7e1c2029728408ef29f560f"
        },
        "pipfile-spec": 6,
        "requires": {
            "python_version": "3.7"
        },
        "sources": [
            {
                "name": "pypi",
                "url": "https://pypi.org/simple",
                "verify_ssl": true
            }
        ]
    },
    "default": {
        "attrs": {
            "hashes": [
                "sha256:08a96c641c3a74e44eb59afb61a24f2cb9f4d7188748e76ba4bb5edfa3cb7d1c",
                "sha256:f7b7ce16570fe9965acd6d30101a28f62fb4a7f9e926b3bbc9b61f8b04247e72"
            ],
            "version": "==19.3.0"
        },
        "aws-cdk-aws.ec2": {
            "hashes": [
                "sha256:fbe27852bc2ef04736fc613cd5e29c962a06514344b4aeb0150ae586a91b32d9"
            ],
            "version": "==1.16.3"
        },
        "aws-cdk-aws.emr": {
            "hashes": [
                "sha256:391a945e5b7f5e027fa873f8a110938064d8f735e5c62f97a7cbf0af457b7367"
            ],
            "version": "==1.16.3"
        },
        "aws-cdk-aws.events": {
            "hashes": [
                "sha256:be1ea61f127090df5a3062f4e2ea7b559847517f277543cbb587acd4c5fe0034"
            ],
            "version": "==1.16.3"
        },
        "aws-cdk-aws.events-targets": {
            "hashes": [
                "sha256:791ed1a4a425542235896d9a889a6d0827e77f4d46a5f47b5d297573cc91681b"
            ],
            "version": "==1.16.3"
        },
        "aws-cdk-aws.iam": {
            "hashes": [
                "sha256:fe8c6bb75b4f953f795773c4ae87ab6460c8c6fc3654e2848c9911b3a0720856"
            ],
            "version": "==1.16.3"
        },
        "aws-cdk-aws.kms": {
            "hashes": [
                "sha256:a2bba0e74ae3de99764a8d783fc88c1d2517b60f2852e20bb5a586707a6be4eb"
            ],
            "version": "==1.16.3"
        },
        "aws-cdk-aws.lambda": {
            "hashes": [
                "sha256:6367ebb58bc77e33933c3f7ce3603035876f1ec9625f74c09775d776bf313124"
            ],
            "version": "==1.16.3"
        },
        "aws-cdk-aws.s3": {
            "hashes": [
                "sha256:044f3f749f27a5be6e3826cfe2fd78953e566d33ab96b2ffd33e57ef0c10a996"
            ],
            "version": "==1.16.3"
        },
        "aws-cdk-aws.sns": {
            "hashes": [
                "sha256:fd1f00d85fd4cee0f63240016b3436df7b820d91db7619591e1c81638aad011b"
            ],
            "version": "==1.16.3"
        },
        "aws-cdk-aws.sqs": {
            "hashes": [
                "sha256:752eedaa05734b6998d4da8ff42d92e99314d0ea721244442f3bcc2b8f1fc8b6"
            ],
            "version": "==1.16.3"
        },
        "aws-cdk-aws.ssm": {
            "hashes": [
                "sha256:7920381d8c50b0c96d7511d9f9b809eb904b99137c1fc5226adc36f54609cb13"
            ],
            "version": "==1.16.3"
        },
        "aws-cdk-aws.stepfunctions": {
            "hashes": [
                "sha256:48aba5642b14881a387dbc78dfc1783f7b10be4c1cb1a9d2128c659dd87a85e1"
            ],
            "version": "==1.16.3"
        },
        "aws-cdk-aws.stepfunctions-tasks": {
            "hashes": [
                "sha256:e6dc20d1f3d7ad6c842978915a2ae444f96166e63c851d07788c9afb1430d1d0"
            ],
            "version": "==1.16.3"
        },
        "aws-cdk.assets": {
            "hashes": [
                "sha256:4ba445275ee5eaf959772e4d3f000e079bc89799240759fbc8ae1943e8bb5f46",
                "sha256:60ea1187a8b6909b92cbb13647acff5d7a832bbb0d4c227a2d64f8699799842f"
            ],
            "version": "==1.16.3"
        },
        "aws-cdk.aws-apigateway": {
            "hashes": [
                "sha256:6f82b5cd1aa88c667f483e7dee5a6b3ff5da8ad98fa608a10971d4bf809d85fd",
                "sha256:ae1479e7e903d28dddfcdefd7b9f7ddc947547b27732cc9aab538996a34f51c0"
            ],
            "version": "==1.16.3"
        },
        "aws-cdk.aws-applicationautoscaling": {
            "hashes": [
                "sha256:2af342e5d89127c3b4c2743cc273d18d4cbdedd6cccf87df7b30c4251a6b6817",
                "sha256:bcc9d95da3276eb81b433fc2656edaeeb5e893893f70111d2ff2674b7bce23c3"
            ],
            "version": "==1.16.3"
        },
        "aws-cdk.aws-autoscaling": {
            "hashes": [
                "sha256:06995bcf2ca38fdb0df58a8dfe649bf7342f9aebead067b4e0b8dea0a589bbe6",
                "sha256:93152deb517a0d55dde5e4be464f79f0521c079a3a872952843c01c7270de7c9"
            ],
            "version": "==1.16.3"
        },
        "aws-cdk.aws-autoscaling-common": {
            "hashes": [
                "sha256:52abe7bb6c5b2f43129dd434baa115448764850c81ec1580ba6219071a66b995",
                "sha256:6e6f0bc8b3119306550cc2dc7523030b2b5c19e20426bfc860a24f7493a419bb"
            ],
            "version": "==1.16.3"
        },
        "aws-cdk.aws-autoscaling-hooktargets": {
            "hashes": [
                "sha256:31b13e793722eab11f8e390d43bd663677a28ba1a9944146d9884600cecb25b4",
                "sha256:7ab4a3e0f2f8707cc05cca513933118212f405aeffbbd6f89c34fc1c4087915f"
            ],
            "version": "==1.16.3"
        },
        "aws-cdk.aws-certificatemanager": {
            "hashes": [
                "sha256:753e535511f836b70ee0b097d5915fb5544f687543d1497c3e3baaeb8af663e4",
                "sha256:c8c8ec569f5c19f39dcbac60ef6121bc2a0047bb0f92cff140344112f28dd690"
            ],
            "version": "==1.16.3"
        },
        "aws-cdk.aws-cloudformation": {
            "hashes": [
                "sha256:a6363f979e9448806170197f306d23ea4c9fdffe349578f42a5914d4ca8d5449",
                "sha256:fe31dff6227f01395574dcbb1a0708d81dac4ed0d05a16037ad1f6bab5c2c0aa"
            ],
            "version": "==1.16.3"
        },
        "aws-cdk.aws-cloudfront": {
            "hashes": [
                "sha256:06960a27c5f47cbc8a37c01421efd5070ccd6b89e692c0886c86274f8897fd2f",
                "sha256:711e0efed5dc21c509469ca4efc1e07926b3a084da412454b97f09498a7439ab"
            ],
            "version": "==1.16.3"
        },
        "aws-cdk.aws-cloudwatch": {
            "hashes": [
                "sha256:597de5741d35e5d920b3c64406cdf63bb9d646815996bf2e546c31f855c3d805",
                "sha256:f568397aaaa5ff68076d7905be6a313a9ba9dd7c5986ca36e867b16bef486bc3"
            ],
            "version": "==1.16.3"
        },
        "aws-cdk.aws-codebuild": {
            "hashes": [
                "sha256:7e2b0de783bd685471b7ef08bf11a6660c9f10c4b4aa491bc866d60d945d8b3b",
                "sha256:e91f184866ef13551691da612bce3e32664f5247702a1538cda278e58dcac8a1"
            ],
            "version": "==1.16.3"
        },
        "aws-cdk.aws-codecommit": {
            "hashes": [
                "sha256:015007b0695c0f660e86ff9ffc726b8a42ee0313ce686c8bfaa19b812d7f4085",
                "sha256:987632491f92f6ee03045b446b5a89753d9d6e2c84cde3baf47bab807853b0a7"
            ],
            "version": "==1.16.3"
        },
        "aws-cdk.aws-codepipeline": {
            "hashes": [
                "sha256:555b41cab4827bef6d21d1375f1d6099ac3685aec6f1276455d30e3ea30e59d8",
                "sha256:fd910e8bd93db0b3e4888becffab1444f4e6e3c66ab7a60e504a84931fb1dcfe"
            ],
            "version": "==1.16.3"
        },
        "aws-cdk.aws-ec2": {
            "hashes": [
                "sha256:173c7159be9da7cb6a2184d37994d490d7efbbdb3dde1670a5d9051787e10df2",
                "sha256:fbe27852bc2ef04736fc613cd5e29c962a06514344b4aeb0150ae586a91b32d9"
            ],
            "version": "==1.16.3"
        },
        "aws-cdk.aws-ecr": {
            "hashes": [
                "sha256:24312da4d617bbb4c41ab0283cef05b3718c2f430e68ed45754da46f2b78b989",
                "sha256:c90dff57e3a612e88ed13baf89dfddc58498ab51858c880ed3e4f0461d99abd9"
            ],
            "version": "==1.16.3"
        },
        "aws-cdk.aws-ecr-assets": {
            "hashes": [
                "sha256:83eec6f9e014ebc0c88a88a8b2c464519c036eee9640137d227c732cd270dd0d",
                "sha256:b0748309c5fd930725b8811658be7c23685cecc226a00c17c8067559b50bbd82"
            ],
            "version": "==1.16.3"
        },
        "aws-cdk.aws-ecs": {
            "hashes": [
                "sha256:335388e05e3acca6b078f9a7d0ba6b99b80659278b5fbb3531bd30515c7b80cd",
                "sha256:7608f6ad5c0ee5aa720a3ced38cc0ebbc7985fcbae85b837e2d7cf57836698d3"
            ],
            "version": "==1.16.3"
        },
        "aws-cdk.aws-elasticloadbalancing": {
            "hashes": [
                "sha256:674d51ab217cc15a77ecb03dabc5cc29d8bee590e1c2c679e315ed821ccd51af",
                "sha256:cd7fd9696970cfe848213f9a2380fbcdb2a7f4a5efc4f65b7aa78eb0dd6a26b6"
            ],
            "version": "==1.16.3"
        },
        "aws-cdk.aws-elasticloadbalancingv2": {
            "hashes": [
                "sha256:0dcbb02c6478235e864d2de05ea96cefc9d775e38bf1cac8d513c04110c60207",
                "sha256:f6c8bf59492523ff6c83c4506ae099123f08f61282dc122a842ddd379665d032"
            ],
            "version": "==1.16.3"
        },
        "aws-cdk.aws-events": {
            "hashes": [
                "sha256:be1ea61f127090df5a3062f4e2ea7b559847517f277543cbb587acd4c5fe0034",
                "sha256:c9df8148a1f812f4bd178133ba7a67d57c9da98204790cef45b077f67696ba97"
            ],
            "version": "==1.16.3"
        },
        "aws-cdk.aws-iam": {
            "hashes": [
                "sha256:cd86bab95117e3bbc4e2d4513813ce4a54de7d3da6ac23f6ea1b3acf142a3710",
                "sha256:fe8c6bb75b4f953f795773c4ae87ab6460c8c6fc3654e2848c9911b3a0720856"
            ],
            "version": "==1.16.3"
        },
        "aws-cdk.aws-kms": {
            "hashes": [
                "sha256:a2bba0e74ae3de99764a8d783fc88c1d2517b60f2852e20bb5a586707a6be4eb",
                "sha256:e96b48dbb2453c5c87b2e668337912abc6111078849358b1fa0be88ca0f321d8"
            ],
            "version": "==1.16.3"
        },
        "aws-cdk.aws-lambda": {
            "hashes": [
                "sha256:6367ebb58bc77e33933c3f7ce3603035876f1ec9625f74c09775d776bf313124",
                "sha256:ca8f0c364320f54ce26a2be84e82005c3a0090726a401ebe405c2ec1ba4cadee"
            ],
            "version": "==1.16.3"
        },
        "aws-cdk.aws-logs": {
            "hashes": [
                "sha256:331df0c5df048a40858cec41dd9461c77917fe358de5d97dfcedc1495b034592",
                "sha256:57bbcb2e6466321a0bdcfeb5c3401944ee69d2c5819ad93734097ed9e469e1a9"
            ],
            "version": "==1.16.3"
        },
        "aws-cdk.aws-route53": {
            "hashes": [
                "sha256:849db147eb155f720b7f134b4d2ed1628d82a3b13d45de04202455c9ef94bc7a",
                "sha256:a9e247f6f36a828505ddf4dcfd213831bcd93655df7f428b11b902cf77fda58d"
            ],
            "version": "==1.16.3"
        },
        "aws-cdk.aws-route53-targets": {
            "hashes": [
                "sha256:00f5268e686224b3dceb615ce21558c6c6ae22e22346925e72cd9aa7a368c016",
                "sha256:f128572fb41a1b84e70c2f50db3d39da6a8044885f5cfa8d89e7522b624a320c"
            ],
            "version": "==1.16.3"
        },
        "aws-cdk.aws-s3": {
            "hashes": [
                "sha256:044f3f749f27a5be6e3826cfe2fd78953e566d33ab96b2ffd33e57ef0c10a996",
                "sha256:b772ec3e3e20737f20af89b78252ac9e8f6e6cab220c8e0f9f690be2d8813e43"
            ],
            "version": "==1.16.3"
        },
        "aws-cdk.aws-s3-assets": {
            "hashes": [
                "sha256:52966c2887ed8be6b1162319de682c67a71f236778c95bafa0998ee6f9dfc07b",
                "sha256:babdbfca249ab5293278b4492a68b3b618ba74e1d0deb6520c6e0553f7e447b2"
            ],
            "version": "==1.16.3"
        },
        "aws-cdk.aws-secretsmanager": {
            "hashes": [
                "sha256:4b4c43d5abbdec96f1b7e19f4adaf6a991c7f34e564e776d56cb5cd1d18b2626",
                "sha256:633799bbaa26faa62e5e706989c487f1ea42273b42fe5aae458f6fe4e7b7f03c"
            ],
            "version": "==1.16.3"
        },
        "aws-cdk.aws-servicediscovery": {
            "hashes": [
                "sha256:be51a67d0f69dac1d4ab42e68d8411af2181814e6e9c0fe13d260864720afecc",
                "sha256:f05b4d33f075bdf9058893af9bbd4f21b4ae28a1455b7e74dd3b341064a3b741"
            ],
            "version": "==1.16.3"
        },
        "aws-cdk.aws-sns": {
            "hashes": [
                "sha256:0e50f7f7f71600560b8f050679aec8c78d4d1b0b1f1cc45c054ce0931f74c0e0",
                "sha256:fd1f00d85fd4cee0f63240016b3436df7b820d91db7619591e1c81638aad011b"
            ],
            "version": "==1.16.3"
        },
        "aws-cdk.aws-sns-subscriptions": {
            "hashes": [
                "sha256:26adea13213e728c8fd170852f607873fb2c3a1a8a82b3844f380d7a4626aa17",
                "sha256:5c5988193730642449fe0e627d20e7d2a262c456cc46721e5a7facd2f07e8a48"
            ],
            "version": "==1.16.3"
        },
        "aws-cdk.aws-sqs": {
            "hashes": [
                "sha256:752eedaa05734b6998d4da8ff42d92e99314d0ea721244442f3bcc2b8f1fc8b6",
                "sha256:c42c6e22916cec09c68a8d1cc0e1ef03f07e151fc3f272921be381fcda44b85b"
            ],
            "version": "==1.16.3"
        },
        "aws-cdk.aws-ssm": {
            "hashes": [
                "sha256:5725ba8e3c9983d4853b9cdf4f658d2c582a9cd29e9430cb7d79df4e2586f092",
                "sha256:7920381d8c50b0c96d7511d9f9b809eb904b99137c1fc5226adc36f54609cb13"
            ],
            "version": "==1.16.3"
        },
        "aws-cdk.aws-stepfunctions": {
            "hashes": [
                "sha256:1757fa46f911eac8dddf879f7f6861bb549264e25cfe760f9aa6ebcd84fd94ed",
                "sha256:48aba5642b14881a387dbc78dfc1783f7b10be4c1cb1a9d2128c659dd87a85e1"
            ],
            "version": "==1.16.3"
        },
        "aws-cdk.core": {
            "hashes": [
                "sha256:55bd3ce240bd884121e44e6a56c4656fd79f895ed7acf012ece47eb52e7b0764",
                "sha256:c44f23a99c7b64426ffca73ba3a8b81c4868d512843c2f814cbb8ff0a173b93d"
            ],
            "version": "==1.16.3"
        },
        "aws-cdk.cx-api": {
            "hashes": [
                "sha256:c73c472f1196d1087362b0e5e1b9808fd390dd5b24917901eb1bc1e6bfb455f3",
                "sha256:d1a72ed98f3b3e48f91b8ce485a6d87e5969546687b4041be8f538647a867f56"
            ],
            "version": "==1.16.3"
        },
        "aws-cdk.region-info": {
            "hashes": [
                "sha256:3ed9a07c8dc54d53733a5d4bd9ae7fe904f2982d12cde5f15b21e454de3770c5",
                "sha256:60813b103b348a9555886f27c0c4bf029fb9249921661bebaee4eb308f3684da"
            ],
            "version": "==1.16.3"
        },
        "aws-emr-launch": {
            "editable": true,
            "path": "."
        },
        "boto3": {
            "hashes": [
                "sha256:69a8df48365dde32744e1c62fbfd09e98cb494380498b21c2b2ee8310fa4f686",
                "sha256:eff5d983f6849e4f866ce30ef2fd5048dc5f07de7639b5f988faca56b793a294"
            ],
            "version": "==1.10.17"
        },
        "botocore": {
            "hashes": [
                "sha256:331f624a145be872852e6bff56ed53f5881a8ddb309df2c18e197482c59f5bc8",
                "sha256:fc79a28d2f8e04e30b3e02b8d3779b4b721d71e5dbe57c6b265ef99575fd9667"
            ],
            "version": "==1.13.17"
        },
        "cattrs": {
            "hashes": [
                "sha256:2232a568e079f30601de63839f4101283cb594c8719f5311bede25f89d0e09b7",
                "sha256:f1215991553dfa7623ce15861663153348e675c1f316095affef473c804116ba"
            ],
            "version": "==0.9.0"
        },
        "docutils": {
            "hashes": [
                "sha256:6c4f696463b79f1fb8ba0c594b63840ebd41f059e92b31957c46b74a4599b6d0",
                "sha256:9e4d7ecfc600058e07ba661411a2b7de2fd0fafa17d1a7f7361cd47b1175c827",
                "sha256:a2aeea129088da402665e92e0b25b04b073c04b2dce4ab65caaa38b7ce2e1a99"
            ],
            "version": "==0.15.2"
        },
        "jmespath": {
            "hashes": [
                "sha256:3720a4b1bd659dd2eecad0666459b9788813e032b83e7ba58578e48254e0a0e6",
                "sha256:bde2aef6f44302dfb30320115b17d030798de8c4110e28d5cf6cf91a7a31074c"
            ],
            "version": "==0.9.4"
        },
        "jsii": {
            "hashes": [
                "sha256:cfa32223245ee08ee676e43f93f5f8ec7bc60270d77152cff9f2c8ada26f6c7a",
                "sha256:d312d8e04a68dafbe55f4deab2f1e4e9f651a5f5a9c09c493d2e145ad3766e51"
            ],
            "version": "==0.20.5"
        },
        "publication": {
            "hashes": [
                "sha256:0248885351febc11d8a1098d5c8e3ab2dabcf3e8c0c96db1e17ecd12b53afbe6",
                "sha256:68416a0de76dddcdd2930d1c8ef853a743cc96c82416c4e4d3b5d901c6276dc4"
            ],
            "version": "==0.0.3"
        },
        "python-dateutil": {
            "hashes": [
                "sha256:7e6584c74aeed623791615e26efd690f29817a27c73085b78e4bad02493df2fb",
                "sha256:c89805f6f4d64db21ed966fda138f8a5ed7a4fdbc1a8ee329ce1b74e3c74da9e"
            ],
            "markers": "python_version >= '2.7'",
            "version": "==2.8.0"
        },
        "s3transfer": {
            "hashes": [
                "sha256:6efc926738a3cd576c2a79725fed9afde92378aa5c6a957e3af010cb019fac9d",
                "sha256:b780f2411b824cb541dbcd2c713d0cb61c7d1bcadae204cdddda2b35cef493ba"
            ],
            "version": "==0.2.1"
        },
        "six": {
            "hashes": [
                "sha256:1f1b7d42e254082a9db6279deae68afb421ceba6158efa6131de7b3003ee93fd",
                "sha256:30f610279e8b2578cab6db20741130331735c781b56053c59c4076da27f06b66"
            ],
            "version": "==1.13.0"
        },
        "typing-extensions": {
            "hashes": [
                "sha256:091ecc894d5e908ac75209f10d5b4f118fbdb2eb1ede6a63544054bb1edb41f2",
                "sha256:910f4656f54de5993ad9304959ce9bb903f90aadc7c67a0bef07e678014e892d",
                "sha256:cf8b63fedea4d89bab840ecbb93e75578af28f76f66c35889bd7065f5af88575"
            ],
            "version": "==3.7.4.1"
        },
        "urllib3": {
            "hashes": [
                "sha256:a8a318824cc77d1fd4b2bec2ded92646630d7fe8619497b142c84a9e6f5a7293",
                "sha256:f3c5fd51747d450d4dcf6f923c81f78f811aab8205fda64b0aba34a4e48b0745"
            ],
            "markers": "python_version >= '3.4'",
            "version": "==1.25.7"
        }
    },
    "develop": {
        "atomicwrites": {
            "hashes": [
                "sha256:03472c30eb2c5d1ba9227e4c2ca66ab8287fbfbbda3888aa93dc2e28fc6811b4",
                "sha256:75a9445bac02d8d058d5e1fe689654ba5a6556a1dfd8ce6ec55a0ed79866cfa6"
            ],
            "version": "==1.3.0"
        },
        "attrs": {
            "hashes": [
                "sha256:08a96c641c3a74e44eb59afb61a24f2cb9f4d7188748e76ba4bb5edfa3cb7d1c",
                "sha256:f7b7ce16570fe9965acd6d30101a28f62fb4a7f9e926b3bbc9b61f8b04247e72"
            ],
            "version": "==19.3.0"
        },
        "bleach": {
            "hashes": [
                "sha256:213336e49e102af26d9cde77dd2d0397afabc5a6bf2fed985dc35b5d1e285a16",
                "sha256:3fdf7f77adcf649c9911387df51254b813185e32b2c6619f690b593a617e19fa"
            ],
            "version": "==3.1.0"
        },
        "botocore": {
            "hashes": [
                "sha256:331f624a145be872852e6bff56ed53f5881a8ddb309df2c18e197482c59f5bc8",
                "sha256:fc79a28d2f8e04e30b3e02b8d3779b4b721d71e5dbe57c6b265ef99575fd9667"
            ],
            "version": "==1.13.17"
        },
        "certifi": {
            "hashes": [
                "sha256:e4f3620cfea4f83eedc95b24abd9cd56f3c4b146dd0177e83a21b4eb49e21e50",
                "sha256:fd7c7c74727ddcf00e9acd26bba8da604ffec95bf1c2144e67aff7a8b50e6cef"
            ],
            "version": "==2019.9.11"
        },
        "cfnresponse": {
            "hashes": [
                "sha256:c6a6885c793ed08a25b41aef0d95cb6dbe66d3e40bcdcdd56c5085c25e7dc16f",
                "sha256:ef89c6df1f4670397ee699ab2889377f4fa2f077dad3279c2a31c6f02cc1f88b"
            ],
            "index": "pypi",
            "version": "==1.0.2"
        },
        "chardet": {
            "hashes": [
                "sha256:84ab92ed1c4d4f16916e05906b6b75a6c0fb5db821cc65e70cbd64a3e2a5eaae",
                "sha256:fc323ffcaeaed0e0a02bf4d117757b98aed530d9ed4531e3e15460124c106691"
            ],
            "version": "==3.0.4"
        },
        "check-manifest": {
            "hashes": [
                "sha256:42de6eaab4ed149e60c9b367ada54f01a3b1e4d6846784f9b9710e770ff5572c",
                "sha256:78dd077f2c70dbac7cfcc9d12cbd423914e787ea4b5631de45aecd25b524e8e3"
            ],
            "version": "==0.40"
        },
        "colorama": {
            "hashes": [
                "sha256:05eed71e2e327246ad6b38c540c4a3117230b19679b875190486ddd2d721422d",
                "sha256:f8ac84de7840f5b9c4e3347b3c1eaa50f7e49c2b07596221daec5edaabbd7c48"
            ],
            "version": "==0.4.1"
        },
        "coverage": {
            "hashes": [
                "sha256:08907593569fe59baca0bf152c43f3863201efb6113ecb38ce7e97ce339805a6",
                "sha256:0be0f1ed45fc0c185cfd4ecc19a1d6532d72f86a2bac9de7e24541febad72650",
                "sha256:141f08ed3c4b1847015e2cd62ec06d35e67a3ac185c26f7635f4406b90afa9c5",
                "sha256:19e4df788a0581238e9390c85a7a09af39c7b539b29f25c89209e6c3e371270d",
                "sha256:23cc09ed395b03424d1ae30dcc292615c1372bfba7141eb85e11e50efaa6b351",
                "sha256:245388cda02af78276b479f299bbf3783ef0a6a6273037d7c60dc73b8d8d7755",
                "sha256:331cb5115673a20fb131dadd22f5bcaf7677ef758741312bee4937d71a14b2ef",
                "sha256:386e2e4090f0bc5df274e720105c342263423e77ee8826002dcffe0c9533dbca",
                "sha256:3a794ce50daee01c74a494919d5ebdc23d58873747fa0e288318728533a3e1ca",
                "sha256:60851187677b24c6085248f0a0b9b98d49cba7ecc7ec60ba6b9d2e5574ac1ee9",
                "sha256:63a9a5fc43b58735f65ed63d2cf43508f462dc49857da70b8980ad78d41d52fc",
                "sha256:6b62544bb68106e3f00b21c8930e83e584fdca005d4fffd29bb39fb3ffa03cb5",
                "sha256:6ba744056423ef8d450cf627289166da65903885272055fb4b5e113137cfa14f",
                "sha256:7494b0b0274c5072bddbfd5b4a6c6f18fbbe1ab1d22a41e99cd2d00c8f96ecfe",
                "sha256:826f32b9547c8091679ff292a82aca9c7b9650f9fda3e2ca6bf2ac905b7ce888",
                "sha256:93715dffbcd0678057f947f496484e906bf9509f5c1c38fc9ba3922893cda5f5",
                "sha256:9a334d6c83dfeadae576b4d633a71620d40d1c379129d587faa42ee3e2a85cce",
                "sha256:af7ed8a8aa6957aac47b4268631fa1df984643f07ef00acd374e456364b373f5",
                "sha256:bf0a7aed7f5521c7ca67febd57db473af4762b9622254291fbcbb8cd0ba5e33e",
                "sha256:bf1ef9eb901113a9805287e090452c05547578eaab1b62e4ad456fcc049a9b7e",
                "sha256:c0afd27bc0e307a1ffc04ca5ec010a290e49e3afbe841c5cafc5c5a80ecd81c9",
                "sha256:dd579709a87092c6dbee09d1b7cfa81831040705ffa12a1b248935274aee0437",
                "sha256:df6712284b2e44a065097846488f66840445eb987eb81b3cc6e4149e7b6982e1",
                "sha256:e07d9f1a23e9e93ab5c62902833bf3e4b1f65502927379148b6622686223125c",
                "sha256:e2ede7c1d45e65e209d6093b762e98e8318ddeff95317d07a27a2140b80cfd24",
                "sha256:e4ef9c164eb55123c62411f5936b5c2e521b12356037b6e1c2617cef45523d47",
                "sha256:eca2b7343524e7ba246cab8ff00cab47a2d6d54ada3b02772e908a45675722e2",
                "sha256:eee64c616adeff7db37cc37da4180a3a5b6177f5c46b187894e633f088fb5b28",
                "sha256:ef824cad1f980d27f26166f86856efe11eff9912c4fed97d3804820d43fa550c",
                "sha256:efc89291bd5a08855829a3c522df16d856455297cf35ae827a37edac45f466a7",
                "sha256:fa964bae817babece5aa2e8c1af841bebb6d0b9add8e637548809d040443fee0",
                "sha256:ff37757e068ae606659c28c3bd0d923f9d29a85de79bf25b2b34b148473b5025"
            ],
            "version": "==4.5.4"
        },
        "docutils": {
            "hashes": [
                "sha256:6c4f696463b79f1fb8ba0c594b63840ebd41f059e92b31957c46b74a4599b6d0",
                "sha256:9e4d7ecfc600058e07ba661411a2b7de2fd0fafa17d1a7f7361cd47b1175c827",
                "sha256:a2aeea129088da402665e92e0b25b04b073c04b2dce4ab65caaa38b7ce2e1a99"
            ],
            "version": "==0.15.2"
        },
        "entrypoints": {
            "hashes": [
                "sha256:589f874b313739ad35be6e0cd7efde2a4e9b6fea91edcc34e58ecbb8dbe56d19",
                "sha256:c70dd71abe5a8c85e55e12c19bd91ccfeec11a6e99044204511f9ed547d48451"
            ],
            "version": "==0.3"
        },
        "flake8": {
            "hashes": [
                "sha256:45681a117ecc81e870cbf1262835ae4af5e7a8b08e40b944a8a6e6b895914cfb",
                "sha256:49356e766643ad15072a789a20915d3c91dc89fd313ccd71802303fd67e4deca"
            ],
            "version": "==3.7.9"
        },
        "idna": {
            "hashes": [
                "sha256:c357b3f628cf53ae2c4c05627ecc484553142ca23264e593d327bcde5e9c3407",
                "sha256:ea8b7f6188e6fa117537c3df7da9fc686d485087abf6ac197f9c46432f7e4a3c"
            ],
            "version": "==2.8"
        },
        "importlib-metadata": {
            "hashes": [
                "sha256:aa18d7378b00b40847790e7c27e11673d7fed219354109d0e7b9e5b25dc3ad26",
                "sha256:d5f18a79777f3aa179c145737780282e27b508fc8fd688cb17c7a813e8bd39af"
            ],
            "markers": "python_version < '3.8'",
            "version": "==0.23"
        },
        "jmespath": {
            "hashes": [
                "sha256:3720a4b1bd659dd2eecad0666459b9788813e032b83e7ba58578e48254e0a0e6",
                "sha256:bde2aef6f44302dfb30320115b17d030798de8c4110e28d5cf6cf91a7a31074c"
            ],
            "version": "==0.9.4"
        },
        "mccabe": {
            "hashes": [
                "sha256:ab8a6258860da4b6677da4bd2fe5dc2c659cff31b3ee4f7f5d64e79735b80d42",
                "sha256:dd8d182285a0fe56bace7f45b5e7d1a6ebcbf524e8f3bd87eb0f125271b8831f"
            ],
            "version": "==0.6.1"
        },
        "more-itertools": {
            "hashes": [
                "sha256:409cd48d4db7052af495b09dec721011634af3753ae1ef92d2b32f73a745f832",
                "sha256:92b8c4b06dac4f0611c0729b2f2ede52b2e1bac1ab48f089c7ddc12e26bb60c4"
            ],
            "version": "==7.2.0"
        },
        "packaging": {
            "hashes": [
                "sha256:28b924174df7a2fa32c1953825ff29c61e2f5e082343165438812f00d3a7fc47",
                "sha256:d9551545c6d761f3def1677baf08ab2a3ca17c56879e70fecba2fc4dde4ed108"
            ],
            "version": "==19.2"
        },
        "pkginfo": {
            "hashes": [
                "sha256:7424f2c8511c186cd5424bbf31045b77435b37a8d604990b79d4e70d741148bb",
                "sha256:a6d9e40ca61ad3ebd0b72fbadd4fba16e4c0e4df0428c041e01e06eb6ee71f32"
            ],
            "version": "==1.5.0.1"
        },
        "pluggy": {
            "hashes": [
                "sha256:0db4b7601aae1d35b4a033282da476845aa19185c1e6964b25cf324b5e4ec3e6",
                "sha256:fa5fa1622fa6dd5c030e9cad086fa19ef6a0cf6d7a2d12318e10cb49d6d68f34"
            ],
            "version": "==0.13.0"
        },
        "py": {
            "hashes": [
                "sha256:64f65755aee5b381cea27766a3a147c3f15b9b6b9ac88676de66ba2ae36793fa",
                "sha256:dc639b046a6e2cff5bbe40194ad65936d6ba360b52b3c3fe1d08a82dd50b5e53"
            ],
            "version": "==1.8.0"
        },
        "pycodestyle": {
            "hashes": [
                "sha256:95a2219d12372f05704562a14ec30bc76b05a5b297b21a5dfe3f6fac3491ae56",
                "sha256:e40a936c9a450ad81df37f549d676d127b1b66000a6c500caa2b085bc0ca976c"
            ],
            "version": "==2.5.0"
        },
        "pyflakes": {
            "hashes": [
                "sha256:17dbeb2e3f4d772725c777fabc446d5634d1038f234e77343108ce445ea69ce0",
                "sha256:d976835886f8c5b31d47970ed689944a0262b5f3afa00a5a7b4dc81e5449f8a2"
            ],
            "version": "==2.1.1"
        },
        "pygments": {
            "hashes": [
                "sha256:71e430bc85c88a430f000ac1d9b331d2407f681d6f6aec95e8bcfbc3df5b0127",
                "sha256:881c4c157e45f30af185c1ffe8d549d48ac9127433f2c380c24b84572ad66297"
            ],
            "version": "==2.4.2"
        },
        "pyparsing": {
            "hashes": [
                "sha256:20f995ecd72f2a1f4bf6b072b63b22e2eb457836601e76d6e5dfcd75436acc1f",
                "sha256:4ca62001be367f01bd3e92ecbb79070272a9d4964dce6a48a82ff0b8bc7e683a"
            ],
            "version": "==2.4.5"
        },
        "pyroma": {
            "hashes": [
                "sha256:351758a81e2a12c970deb73687e239636aad52795cd81429695073d59fff0699",
                "sha256:c49c00377219626bf83df42adf018cc231e6162b68cc7aaf2ff1c63803924102"
            ],
            "version": "==2.6"
        },
        "pytest": {
            "hashes": [
                "sha256:27abc3fef618a01bebb1f0d6d303d2816a99aa87a5968ebc32fe971be91eb1e6",
                "sha256:58cee9e09242937e136dbb3dab466116ba20d6b7828c7620f23947f37eb4dae4"
            ],
            "index": "pypi",
            "version": "==5.2.2"
        },
        "pytest-cov": {
            "hashes": [
                "sha256:cc6742d8bac45070217169f5f72ceee1e0e55b0221f54bcf24845972d3a47f2b",
                "sha256:cdbdef4f870408ebdbfeb44e63e07eb18bb4619fae852f6e760645fa36172626"
            ],
            "index": "pypi",
            "version": "==2.8.1"
        },
        "pytest-flake8": {
            "hashes": [
                "sha256:4d225c13e787471502ff94409dcf6f7927049b2ec251c63b764a4b17447b60c0",
                "sha256:d7e2b6b274a255b7ae35e9224c85294b471a83b76ecb6bd53c337ae977a499af"
            ],
            "index": "pypi",
            "version": "==1.0.4"
        },
        "python-dateutil": {
            "hashes": [
                "sha256:7e6584c74aeed623791615e26efd690f29817a27c73085b78e4bad02493df2fb",
                "sha256:c89805f6f4d64db21ed966fda138f8a5ed7a4fdbc1a8ee329ce1b74e3c74da9e"
            ],
            "markers": "python_version >= '2.7'",
            "version": "==2.8.0"
        },
        "readme-renderer": {
            "hashes": [
                "sha256:bb16f55b259f27f75f640acf5e00cf897845a8b3e4731b5c1a436e4b8529202f",
                "sha256:c8532b79afc0375a85f10433eca157d6b50f7d6990f337fa498c96cd4bfc203d"
            ],
            "version": "==24.0"
        },
        "requests": {
            "hashes": [
                "sha256:11e007a8a2aa0323f5a921e9e6a2d7e4e67d9877e85773fba9ba6419025cbeb4",
                "sha256:9cf5292fcd0f598c671cfc1e0d7d1a7f13bb8085e9a590f48c010551dc6c4b31"
            ],
            "version": "==2.22.0"
        },
        "requests-toolbelt": {
            "hashes": [
                "sha256:380606e1d10dc85c3bd47bf5a6095f815ec007be7a8b69c878507068df059e6f",
                "sha256:968089d4584ad4ad7c171454f0a5c6dac23971e9472521ea3b6d49d610aa6fc0"
            ],
            "version": "==0.9.1"
        },
        "six": {
            "hashes": [
                "sha256:1f1b7d42e254082a9db6279deae68afb421ceba6158efa6131de7b3003ee93fd",
                "sha256:30f610279e8b2578cab6db20741130331735c781b56053c59c4076da27f06b66"
            ],
            "version": "==1.13.0"
        },
        "toml": {
            "hashes": [
                "sha256:229f81c57791a41d65e399fc06bf0848bab550a9dfd5ed66df18ce5f05e73d5c",
                "sha256:235682dd292d5899d361a811df37e04a8828a5b1da3115886b73cf81ebc9100e"
            ],
            "version": "==0.10.0"
        },
        "tqdm": {
            "hashes": [
                "sha256:9de4722323451eb7818deb0161d9d5523465353a6707a9f500d97ee42919b902",
                "sha256:c1d677f3a85fa291b34bdf8f770f877119b9754b32673699653556f85e2c2f13"
            ],
            "version": "==4.38.0"
        },
        "twine": {
            "hashes": [
                "sha256:5319dd3e02ac73fcddcd94f035b9631589ab5d23e1f4699d57365199d85261e1",
                "sha256:9fe7091715c7576df166df8ef6654e61bada39571783f2fd415bdcba867c6993"
            ],
            "version": "==2.0.0"
        },
        "urllib3": {
            "hashes": [
                "sha256:a8a318824cc77d1fd4b2bec2ded92646630d7fe8619497b142c84a9e6f5a7293",
                "sha256:f3c5fd51747d450d4dcf6f923c81f78f811aab8205fda64b0aba34a4e48b0745"
            ],
            "markers": "python_version >= '3.4'",
            "version": "==1.25.7"
        },
        "wcwidth": {
            "hashes": [
                "sha256:3df37372226d6e63e1b1e1eda15c594bca98a22d33a23832a90998faa96bc65e",
                "sha256:f4ebe71925af7b40a864553f761ed559b43544f8f71746c2d756c7fe788ade7c"
            ],
            "version": "==0.1.7"
        },
        "webencodings": {
            "hashes": [
                "sha256:a0af1213f3c2226497a97e2b3aa01a7e4bee4f403f95be16fc9acd2947514a78",
                "sha256:b36a1c245f2d304965eb4e0a82848379241dc04b865afcc4aab16748587e1923"
            ],
            "version": "==0.5.1"
        },
        "wheel": {
            "hashes": [
                "sha256:10c9da68765315ed98850f8e048347c3eb06dd81822dc2ab1d4fde9dc9702646",
                "sha256:f4da1763d3becf2e2cd92a14a7c920f0f00eca30fdde9ea992c836685b9faf28"
            ],
            "version": "==0.33.6"
        },
        "zest-releaser": {
            "extras": [
                "recommended"
            ],
            "hashes": [
                "sha256:145b192f8e9c4d081c466c5f4be8c393c78936bf7ac736e0baad3a66597fe754"
            ],
            "index": "pypi",
            "version": "==6.19.0"
        },
        "zipp": {
            "hashes": [
                "sha256:3718b1cbcd963c7d4c5511a8240812904164b7f381b647143a89d3b98f9bcd8e",
                "sha256:f06903e9f1f43b12d371004b4ac7b06ab39a44adc747266928ae6debfa7b3335"
            ],
            "version": "==0.6.0"
        }
    }
}
