{
    "_meta": {
        "hash": {
            "sha256": "1773ea202a422824d4b25bce1abf2b8f300160ea15246353a68a81cb7196ea7c"
        },
        "pipfile-spec": 6,
        "requires": {
            "python_version": "3.7"
        },
        "sources": [
            {
                "name": "pypi",
                "url": "https://pypi.org/simple",
                "verify_ssl": true
            }
        ]
    },
    "default": {
        "attrs": {
            "hashes": [
                "sha256:08a96c641c3a74e44eb59afb61a24f2cb9f4d7188748e76ba4bb5edfa3cb7d1c",
                "sha256:f7b7ce16570fe9965acd6d30101a28f62fb4a7f9e926b3bbc9b61f8b04247e72"
            ],
            "version": "==19.3.0"
        },
        "aws-cdk-aws-ec2": {
            "hashes": [
                "sha256:21597816076c07a46c0b2ae3fd8bdfb2761cbd6c23ea5321a0b3e1625a59710e"
            ],
            "index": "pypi",
            "version": "==1.13.1"
        },
        "aws-cdk-aws-emr": {
            "hashes": [
                "sha256:3f76fb0d76a3e48f95df43766f24021457f2307bc02edc8edbb780410d23b279"
            ],
            "index": "pypi",
            "version": "==1.13.1"
        },
        "aws-cdk-aws-iam": {
            "hashes": [
                "sha256:b98b1aed3ca5cb24adc4222be3745dc83b7354ef950499efd9fc52478cdb766c"
            ],
            "index": "pypi",
            "version": "==1.13.1"
        },
        "aws-cdk-aws-kms": {
            "hashes": [
                "sha256:a7ca1a8d7d96d3ae52fd11befedccf6f728063b377e59d608ab292be6ac4a5c3"
            ],
            "index": "pypi",
            "version": "==1.13.1"
        },
        "aws-cdk-aws-lambda": {
            "hashes": [
                "sha256:1bea401444e814abbd3f8a8ab69faf28b49dde769bd97f3688d1371492a73e90"
            ],
            "index": "pypi",
            "version": "==1.13.1"
        },
        "aws-cdk-aws-s3": {
            "hashes": [
                "sha256:b9c262c891ee02f67be3fc558787a3ad26bb46af79f3136b24b90b7cc38a9c33"
            ],
            "index": "pypi",
            "version": "==1.13.1"
        },
        "aws-cdk-aws-sns": {
            "hashes": [
                "sha256:db37aba11a346b94769f227c8f01a12f76c6e89ed531b4d7d648e5bb39e5ea8a"
            ],
            "index": "pypi",
            "version": "==1.13.1"
        },
        "aws-cdk-aws-sqs": {
            "hashes": [
                "sha256:8c3f7e373839765a7385786c82263d6cca93bb4c5a1fa09ee86c6020bad426d3"
            ],
            "index": "pypi",
            "version": "==1.13.1"
        },
        "aws-cdk-aws-stepfunctions": {
            "hashes": [
                "sha256:04cfa17932130b2d82b14209b7f2849e8a831f5cc1ebdcf42cb6db621a015e88"
            ],
            "index": "pypi",
            "version": "==1.13.1"
        },
        "aws-cdk-aws-stepfunctions-tasks": {
            "hashes": [
                "sha256:e1f52faee9f37d5f9bd1ffa538982d045c285164c89058e617a48c6981069acf"
            ],
            "index": "pypi",
            "version": "==1.13.1"
        },
        "aws-cdk-core": {
            "hashes": [
                "sha256:aff9b7aeaacad2d126dd9a49d046b4c631a8c53d6542cdfa628b684ed72b42ed"
            ],
            "index": "pypi",
            "version": "==1.13.1"
        },
        "aws-cdk.assets": {
            "hashes": [
                "sha256:8ffa60da1f32c74c33f88dd53071046c60f84bb9b2cd0c8656051195665c1df1",
                "sha256:9323dbaf851f03f512766c689e0fd1066f43ab18a51a80bee08ddc8af058d1e5"
            ],
            "version": "==1.13.1"
        },
        "aws-cdk.aws-apigateway": {
            "hashes": [
                "sha256:8b3aa04068e16996d8dbc93eff1bb0547720103c54d93e0e12373c1766037e71",
                "sha256:e875cb0f7e6ec79f8560960cca11962421ce0e2a0fa9380444f89bd2bf58a992"
            ],
            "version": "==1.13.1"
        },
        "aws-cdk.aws-applicationautoscaling": {
            "hashes": [
                "sha256:697e19edda982517da0199670650113ee12a2e085405d2df66975717af38655b",
                "sha256:d4dab5a5e5faa6090c509d2e591e43058d5b9b37a532c95ed4f24c90c20f907f"
            ],
            "version": "==1.13.1"
        },
        "aws-cdk.aws-autoscaling": {
            "hashes": [
                "sha256:0a4a2859926829bce676b2943d33a4cbf1f35be3d3fcc828d5e13e8b99212189",
                "sha256:15958a5aabd10c010d6ce8ae1dbacc2e9ee37f4f7685a55e31567717b9edb474"
            ],
            "version": "==1.13.1"
        },
        "aws-cdk.aws-autoscaling-common": {
            "hashes": [
                "sha256:4397b81362b0b381303653c105f9ba9d1d93447b422e18c29a6a71f86bd97155",
                "sha256:bccf8f88880f22543d18f6f78f50f5b85c8ce2132696949886ca9fbc7ce490e0"
            ],
            "version": "==1.13.1"
        },
        "aws-cdk.aws-autoscaling-hooktargets": {
            "hashes": [
                "sha256:7d9e1adf24d2327c5f78f4dc14ec405a94f25464e43d6a3f170fdee10ee24594",
                "sha256:b104b7757963825b1dba32b1726c137f2c2298f65a105160c0fa2ab8a115d458"
            ],
            "version": "==1.13.1"
        },
        "aws-cdk.aws-certificatemanager": {
            "hashes": [
                "sha256:25f3706a1d833359729ea213d7c63c0fd848af483a75a5d6a1c5681df4d2a6c5",
                "sha256:83bd316737a602b011db4f1d0877bc39744c9c155f19a3d2154795c06af41012"
            ],
            "version": "==1.13.1"
        },
        "aws-cdk.aws-cloudformation": {
            "hashes": [
                "sha256:7f22780baa29de8c5af4c0ee9c0c6bd00d0164efb5ed3f82fee79ee54e39841f",
                "sha256:c125c74922f66fe98ddd65f81b04a04ff224a1a727fbb9c678fefaef4ec3abb8"
            ],
            "version": "==1.13.1"
        },
        "aws-cdk.aws-cloudfront": {
            "hashes": [
                "sha256:e55f0dc583b377860ef1132b22d084663b20c67a1344015593787911486c951a",
                "sha256:fb835e1ff12a2728ab076a36fb952aa554675ac89cc7949840038e69fab9146e"
            ],
            "version": "==1.13.1"
        },
        "aws-cdk.aws-cloudwatch": {
            "hashes": [
                "sha256:517c71a56613e4d0e40b5b5e9559352df9a375f01143faa3c5d4007bc94fe382",
                "sha256:fcf1569bf2c043d08a907f872b33cc529c8b6002e6869eeb5798e1661ea9f8ab"
            ],
            "version": "==1.13.1"
        },
        "aws-cdk.aws-ec2": {
            "hashes": [
                "sha256:21597816076c07a46c0b2ae3fd8bdfb2761cbd6c23ea5321a0b3e1625a59710e",
                "sha256:e719e8636ef884b97dc52547f66aaa47330e274cbfe59cfcfcb17b4cf6f1dd96"
            ],
            "version": "==1.13.1"
        },
        "aws-cdk.aws-ecr": {
            "hashes": [
                "sha256:3e4566356561df4225d4a2029b0e9f7c62a405ef6ff47c0bf13eecc28c7c3fb0",
                "sha256:80546c69b9fdc7abebdb2ed0ce8f19d0b9eb18d2e59c861ac88bb6c97de418d1"
            ],
            "version": "==1.13.1"
        },
        "aws-cdk.aws-ecr-assets": {
            "hashes": [
                "sha256:045deac230cbd8dd40304b240f68c425949d5abb7de4ac5de8f28631a83ec15d",
                "sha256:df106da0e137c7e3f15144c02af9baa31fe5900a68a5dc1deafaf64a7acb9dcc"
            ],
            "version": "==1.13.1"
        },
        "aws-cdk.aws-ecs": {
            "hashes": [
                "sha256:657be0877786be9559e47a4ac82419e2a06803a583943922e4917d939dbf69e4",
                "sha256:a5f106db016ac72a83f0ca4898b3fdc35ce5fd5e0369ea99f5f7e4f02bbe668c"
            ],
            "version": "==1.13.1"
        },
        "aws-cdk.aws-elasticloadbalancing": {
            "hashes": [
                "sha256:35dd09112e8eb4663ac328d96ea42adf8a647a19aee25820b779ceabc4930c96",
                "sha256:4c8cbdb4f6d13348c50e3cb391f3e4427607f98ec7a696b8c74872ab59a04462"
            ],
            "version": "==1.13.1"
        },
        "aws-cdk.aws-elasticloadbalancingv2": {
            "hashes": [
                "sha256:1c0f376d1cfabce18e84a8f6abbeb5d799941fe034cbd1d0812c758e6b67e9b3",
                "sha256:aa2212bfc53d35444566cdf5b774ee16b8a10e8b84bea7bef7709b4e466d2b35"
            ],
            "version": "==1.13.1"
        },
        "aws-cdk.aws-events": {
            "hashes": [
                "sha256:3417e81b905c52e3301ef16d7868b5e8992c49c30956a55fd3bdc4ee69f156fe",
                "sha256:a6102159487aa06562f7973f6d1aeca4f13eefad4b8890aef82bca0f3272af46"
            ],
            "version": "==1.13.1"
        },
        "aws-cdk.aws-iam": {
            "hashes": [
                "sha256:9084fed9b438a469c925102b80cd3bbd307f3de28f633eee5b5476db096cc343",
                "sha256:b98b1aed3ca5cb24adc4222be3745dc83b7354ef950499efd9fc52478cdb766c"
            ],
            "version": "==1.13.1"
        },
        "aws-cdk.aws-kms": {
            "hashes": [
                "sha256:a7ca1a8d7d96d3ae52fd11befedccf6f728063b377e59d608ab292be6ac4a5c3",
                "sha256:ba894f2d0c39d229f487e96859011204da3c74c0deb9e3ea85cb6e83cded4ef4"
            ],
            "version": "==1.13.1"
        },
        "aws-cdk.aws-lambda": {
            "hashes": [
                "sha256:1bea401444e814abbd3f8a8ab69faf28b49dde769bd97f3688d1371492a73e90",
                "sha256:efbecbd45628a84ac7bd64a64b9beed78d5d881722609f6d9521c2422e5e129a"
            ],
            "version": "==1.13.1"
        },
        "aws-cdk.aws-logs": {
            "hashes": [
                "sha256:87cac8afe2c97966ade26503a36aadaa7a4d8858b65a1ff2d527b64cc7f736fe",
                "sha256:a572b5018273374b2393d321c554cd74455ad3bbfd9ca05266511dadfecc23fc"
            ],
            "version": "==1.13.1"
        },
        "aws-cdk.aws-route53": {
            "hashes": [
                "sha256:5872db747fa8cdbf555f664dbdfa8ed15c94fab04880022b5c39fd293b4fff7d",
                "sha256:bfeda1c19a53220346f787f5cfa87f170d93adb6641c920de2faadbe82c72bf8"
            ],
            "version": "==1.13.1"
        },
        "aws-cdk.aws-route53-targets": {
            "hashes": [
                "sha256:03695b40358c31244ef90af0544b8e872690c45a96ac76797111e79ba71a26ea",
                "sha256:e5d2aae7e3c7685019d548635b0f1d2177b75f4f466c383cfb36f40697dc482c"
            ],
            "version": "==1.13.1"
        },
        "aws-cdk.aws-s3": {
            "hashes": [
                "sha256:856867ea752ba9f965f25e04a527ceb1f727a8b5211804342d0a5b44a9940d47",
                "sha256:b9c262c891ee02f67be3fc558787a3ad26bb46af79f3136b24b90b7cc38a9c33"
            ],
            "version": "==1.13.1"
        },
        "aws-cdk.aws-s3-assets": {
            "hashes": [
                "sha256:0f5129f24c2523707f6fc95336c743af45ea4e53c49a768d00bfae48fd0dac75",
                "sha256:9b7475dd8e139b0a2801761e7ccd1cb65248ee86ee67053a63cc44c5e6281bc8"
            ],
            "version": "==1.13.1"
        },
        "aws-cdk.aws-secretsmanager": {
            "hashes": [
                "sha256:9d486d902bb17dc06e1c4f450987d437d0e7ce381575aa4ef150c07ba94bb5ab",
                "sha256:a407b7575747ba7e377c6a2e37e8ed92ed0050bc392460cb378c7dac802007b8"
            ],
            "version": "==1.13.1"
        },
        "aws-cdk.aws-servicediscovery": {
            "hashes": [
                "sha256:223a38005c24b6eb91475a2ac7fb40391793e121b3c8a33e8a3dd81f43ab5925",
                "sha256:74162535d6bbe3e340dfab092c37f3e2064278bcf352446e1fa457ef1ed2bde7"
            ],
            "version": "==1.13.1"
        },
        "aws-cdk.aws-sns": {
            "hashes": [
                "sha256:0aaf95278df946683e77d91bb84fcdbedf69e8a169100dbea994168e9587ac41",
                "sha256:db37aba11a346b94769f227c8f01a12f76c6e89ed531b4d7d648e5bb39e5ea8a"
            ],
            "version": "==1.13.1"
        },
        "aws-cdk.aws-sns-subscriptions": {
            "hashes": [
                "sha256:1c95be8c82e247c3def41b8bdb2a3292afed9f804d8158cfbff7659e1211d89b",
                "sha256:88fea4b1666cd4f7193035604a5ac279df759a3191f44157aa9d8674574d746c"
            ],
            "version": "==1.13.1"
        },
        "aws-cdk.aws-sqs": {
            "hashes": [
                "sha256:57ac98a7474c1e04a1636aa10fdd18df20cc60ef481880063f5abcf41949ddc6",
                "sha256:8c3f7e373839765a7385786c82263d6cca93bb4c5a1fa09ee86c6020bad426d3"
            ],
            "version": "==1.13.1"
        },
        "aws-cdk.aws-ssm": {
            "hashes": [
                "sha256:755adc4c4f39034865b53e8cea594c23a61bfa9a88accb2b585f9593608ddfac",
                "sha256:9c5375ee7ed8416200b3cf101a6e72652edc6437c6505ca7ed6275ef7d840a65"
            ],
            "version": "==1.13.1"
        },
        "aws-cdk.aws-stepfunctions": {
            "hashes": [
                "sha256:04cfa17932130b2d82b14209b7f2849e8a831f5cc1ebdcf42cb6db621a015e88",
                "sha256:a23f9623ced23aeef71aadf03848f9313d581c8a70c928fb467ef2cd38888958"
            ],
            "version": "==1.13.1"
        },
        "aws-cdk.core": {
            "hashes": [
                "sha256:371f2bd6fc452970a91ee7be2415b162bddc6e13e4318cff5e9da8334f1c0428",
                "sha256:aff9b7aeaacad2d126dd9a49d046b4c631a8c53d6542cdfa628b684ed72b42ed"
            ],
            "version": "==1.13.1"
        },
        "aws-cdk.cx-api": {
            "hashes": [
                "sha256:1bac317fc6fc32b357457d8990146e3e27b79920d3e1fd2f9b3b839576db3e53",
                "sha256:f9b441e84f670091659210adee286acc48b65b2f987a60630a60416f49bc15ff"
            ],
            "version": "==1.13.1"
        },
        "aws-cdk.region-info": {
            "hashes": [
                "sha256:b11c7f281db1b042dda2bc55f0d3545715836bee04619b2a8a77ac2b8f004013",
                "sha256:bb25ec2018622b31a1df5f8b766ac01dd71d2259d82f2bb6096918d8bba10144"
            ],
            "version": "==1.13.1"
        },
        "boto3": {
            "hashes": [
                "sha256:2b9823f21a8edfa175ececa9aaf0353ec612fdf8739a8e779961d566f6df5f32",
                "sha256:787dfc5db85ac7c844483aa72b945ee3c66cd0d8e9b3918d9db481e6bdd655a1"
            ],
            "index": "pypi",
            "version": "==1.9.251"
        },
        "botocore": {
            "hashes": [
                "sha256:887a57b3dcfb1d29ae11e504a486cd8dbe1af4f5678980a804dbf02b36d1c4f8",
                "sha256:d5ea90be76a3f3eea448cc453953e5e88367abf2122556dff5d2fe88db2a5668"
            ],
            "version": "==1.12.251"
        },
        "cattrs": {
            "hashes": [
                "sha256:2232a568e079f30601de63839f4101283cb594c8719f5311bede25f89d0e09b7",
                "sha256:f1215991553dfa7623ce15861663153348e675c1f316095affef473c804116ba"
            ],
            "version": "==0.9.0"
        },
        "certifi": {
            "hashes": [
                "sha256:e4f3620cfea4f83eedc95b24abd9cd56f3c4b146dd0177e83a21b4eb49e21e50",
                "sha256:fd7c7c74727ddcf00e9acd26bba8da604ffec95bf1c2144e67aff7a8b50e6cef"
            ],
            "version": "==2019.9.11"
        },
        "chardet": {
            "hashes": [
                "sha256:84ab92ed1c4d4f16916e05906b6b75a6c0fb5db821cc65e70cbd64a3e2a5eaae",
                "sha256:fc323ffcaeaed0e0a02bf4d117757b98aed530d9ed4531e3e15460124c106691"
            ],
            "version": "==3.0.4"
        },
        "docutils": {
            "hashes": [
                "sha256:6c4f696463b79f1fb8ba0c594b63840ebd41f059e92b31957c46b74a4599b6d0",
                "sha256:9e4d7ecfc600058e07ba661411a2b7de2fd0fafa17d1a7f7361cd47b1175c827",
                "sha256:a2aeea129088da402665e92e0b25b04b073c04b2dce4ab65caaa38b7ce2e1a99"
            ],
            "version": "==0.15.2"
        },
        "idna": {
            "hashes": [
                "sha256:c357b3f628cf53ae2c4c05627ecc484553142ca23264e593d327bcde5e9c3407",
                "sha256:ea8b7f6188e6fa117537c3df7da9fc686d485087abf6ac197f9c46432f7e4a3c"
            ],
            "version": "==2.8"
        },
        "jmespath": {
            "hashes": [
                "sha256:3720a4b1bd659dd2eecad0666459b9788813e032b83e7ba58578e48254e0a0e6",
                "sha256:bde2aef6f44302dfb30320115b17d030798de8c4110e28d5cf6cf91a7a31074c"
            ],
            "version": "==0.9.4"
        },
        "jsii": {
            "hashes": [
                "sha256:bbaf03c14ba0e2172ec5972bb25b92cdac8ad107d08e79e7aa11ab715c17ea88",
                "sha256:ee0cca6366d41a2003d03c474a577f36b9f1055f6dc2fc222d30f64e85c74a00"
            ],
            "version": "==0.19.0"
        },
        "publication": {
            "hashes": [
                "sha256:0248885351febc11d8a1098d5c8e3ab2dabcf3e8c0c96db1e17ecd12b53afbe6",
                "sha256:68416a0de76dddcdd2930d1c8ef853a743cc96c82416c4e4d3b5d901c6276dc4"
            ],
            "version": "==0.0.3"
        },
        "python-dateutil": {
            "hashes": [
                "sha256:7e6584c74aeed623791615e26efd690f29817a27c73085b78e4bad02493df2fb",
                "sha256:c89805f6f4d64db21ed966fda138f8a5ed7a4fdbc1a8ee329ce1b74e3c74da9e"
            ],
            "markers": "python_version >= '2.7'",
            "version": "==2.8.0"
        },
        "requests": {
            "hashes": [
                "sha256:11e007a8a2aa0323f5a921e9e6a2d7e4e67d9877e85773fba9ba6419025cbeb4",
                "sha256:9cf5292fcd0f598c671cfc1e0d7d1a7f13bb8085e9a590f48c010551dc6c4b31"
            ],
            "index": "pypi",
            "version": "==2.22.0"
        },
        "requests-aws4auth": {
            "hashes": [
                "sha256:c9973af472d6d358ee301f077608361e078642aa019785139b588d526f50a23c",
                "sha256:e20e4941ccd5706973068f9214d40cb2e669461536b3a57b9ac824ae87744c2c"
            ],
            "index": "pypi",
            "version": "==0.9"
        },
        "s3transfer": {
            "hashes": [
                "sha256:6efc926738a3cd576c2a79725fed9afde92378aa5c6a957e3af010cb019fac9d",
                "sha256:b780f2411b824cb541dbcd2c713d0cb61c7d1bcadae204cdddda2b35cef493ba"
            ],
            "version": "==0.2.1"
        },
        "six": {
            "hashes": [
                "sha256:3350809f0555b11f552448330d0b52d5f24c91a322ea4a15ef22629740f3761c",
                "sha256:d16a0141ec1a18405cd4ce8b4613101da75da0e9a7aec5bdd4fa804d0e0eba73"
            ],
            "version": "==1.12.0"
        },
        "typing-extensions": {
            "hashes": [
                "sha256:2ed632b30bb54fc3941c382decfd0ee4148f5c591651c9272473fea2c6397d95",
                "sha256:b1edbbf0652660e32ae780ac9433f4231e7339c7f9a8057d0f042fcbcea49b87",
                "sha256:d8179012ec2c620d3791ca6fe2bf7979d979acdbef1fca0bc56b37411db682ed"
            ],
            "version": "==3.7.4"
        },
        "urllib3": {
            "hashes": [
                "sha256:3de946ffbed6e6746608990594d08faac602528ac7015ac28d33cee6a45b7398",
                "sha256:9a107b99a5393caf59c7aa3c1249c16e6879447533d0887f4336dde834c7be86"
            ],
            "markers": "python_version >= '3.4'",
            "version": "==1.25.6"
        }
    },
    "develop": {
        "atomicwrites": {
            "hashes": [
                "sha256:03472c30eb2c5d1ba9227e4c2ca66ab8287fbfbbda3888aa93dc2e28fc6811b4",
                "sha256:75a9445bac02d8d058d5e1fe689654ba5a6556a1dfd8ce6ec55a0ed79866cfa6"
            ],
            "version": "==1.3.0"
        },
        "attrs": {
            "hashes": [
                "sha256:08a96c641c3a74e44eb59afb61a24f2cb9f4d7188748e76ba4bb5edfa3cb7d1c",
                "sha256:f7b7ce16570fe9965acd6d30101a28f62fb4a7f9e926b3bbc9b61f8b04247e72"
            ],
            "version": "==19.3.0"
        },
        "bleach": {
            "hashes": [
                "sha256:213336e49e102af26d9cde77dd2d0397afabc5a6bf2fed985dc35b5d1e285a16",
                "sha256:3fdf7f77adcf649c9911387df51254b813185e32b2c6619f690b593a617e19fa"
            ],
            "version": "==3.1.0"
        },
        "botocore": {
            "hashes": [
                "sha256:887a57b3dcfb1d29ae11e504a486cd8dbe1af4f5678980a804dbf02b36d1c4f8",
                "sha256:d5ea90be76a3f3eea448cc453953e5e88367abf2122556dff5d2fe88db2a5668"
            ],
            "version": "==1.12.251"
        },
        "certifi": {
            "hashes": [
                "sha256:e4f3620cfea4f83eedc95b24abd9cd56f3c4b146dd0177e83a21b4eb49e21e50",
                "sha256:fd7c7c74727ddcf00e9acd26bba8da604ffec95bf1c2144e67aff7a8b50e6cef"
            ],
            "version": "==2019.9.11"
        },
        "cfnresponse": {
            "hashes": [
                "sha256:5feb11df87317f91f668a2d4815f3a920f19cffb89215b072cfd378f966ca92b",
                "sha256:8691302ac5d7511a979b07e6c1413ee8de815c9575c8f8a4c187cdc21ca2deca"
            ],
            "index": "pypi",
            "version": "==1.0.1"
        },
        "chardet": {
            "hashes": [
                "sha256:84ab92ed1c4d4f16916e05906b6b75a6c0fb5db821cc65e70cbd64a3e2a5eaae",
                "sha256:fc323ffcaeaed0e0a02bf4d117757b98aed530d9ed4531e3e15460124c106691"
            ],
            "version": "==3.0.4"
        },
        "check-manifest": {
            "hashes": [
                "sha256:42de6eaab4ed149e60c9b367ada54f01a3b1e4d6846784f9b9710e770ff5572c",
                "sha256:78dd077f2c70dbac7cfcc9d12cbd423914e787ea4b5631de45aecd25b524e8e3"
            ],
            "version": "==0.40"
        },
        "colorama": {
            "hashes": [
                "sha256:05eed71e2e327246ad6b38c540c4a3117230b19679b875190486ddd2d721422d",
                "sha256:f8ac84de7840f5b9c4e3347b3c1eaa50f7e49c2b07596221daec5edaabbd7c48"
            ],
            "version": "==0.4.1"
        },
        "coverage": {
            "hashes": [
                "sha256:08907593569fe59baca0bf152c43f3863201efb6113ecb38ce7e97ce339805a6",
                "sha256:0be0f1ed45fc0c185cfd4ecc19a1d6532d72f86a2bac9de7e24541febad72650",
                "sha256:141f08ed3c4b1847015e2cd62ec06d35e67a3ac185c26f7635f4406b90afa9c5",
                "sha256:19e4df788a0581238e9390c85a7a09af39c7b539b29f25c89209e6c3e371270d",
                "sha256:23cc09ed395b03424d1ae30dcc292615c1372bfba7141eb85e11e50efaa6b351",
                "sha256:245388cda02af78276b479f299bbf3783ef0a6a6273037d7c60dc73b8d8d7755",
                "sha256:331cb5115673a20fb131dadd22f5bcaf7677ef758741312bee4937d71a14b2ef",
                "sha256:386e2e4090f0bc5df274e720105c342263423e77ee8826002dcffe0c9533dbca",
                "sha256:3a794ce50daee01c74a494919d5ebdc23d58873747fa0e288318728533a3e1ca",
                "sha256:60851187677b24c6085248f0a0b9b98d49cba7ecc7ec60ba6b9d2e5574ac1ee9",
                "sha256:63a9a5fc43b58735f65ed63d2cf43508f462dc49857da70b8980ad78d41d52fc",
                "sha256:6b62544bb68106e3f00b21c8930e83e584fdca005d4fffd29bb39fb3ffa03cb5",
                "sha256:6ba744056423ef8d450cf627289166da65903885272055fb4b5e113137cfa14f",
                "sha256:7494b0b0274c5072bddbfd5b4a6c6f18fbbe1ab1d22a41e99cd2d00c8f96ecfe",
                "sha256:826f32b9547c8091679ff292a82aca9c7b9650f9fda3e2ca6bf2ac905b7ce888",
                "sha256:93715dffbcd0678057f947f496484e906bf9509f5c1c38fc9ba3922893cda5f5",
                "sha256:9a334d6c83dfeadae576b4d633a71620d40d1c379129d587faa42ee3e2a85cce",
                "sha256:af7ed8a8aa6957aac47b4268631fa1df984643f07ef00acd374e456364b373f5",
                "sha256:bf0a7aed7f5521c7ca67febd57db473af4762b9622254291fbcbb8cd0ba5e33e",
                "sha256:bf1ef9eb901113a9805287e090452c05547578eaab1b62e4ad456fcc049a9b7e",
                "sha256:c0afd27bc0e307a1ffc04ca5ec010a290e49e3afbe841c5cafc5c5a80ecd81c9",
                "sha256:dd579709a87092c6dbee09d1b7cfa81831040705ffa12a1b248935274aee0437",
                "sha256:df6712284b2e44a065097846488f66840445eb987eb81b3cc6e4149e7b6982e1",
                "sha256:e07d9f1a23e9e93ab5c62902833bf3e4b1f65502927379148b6622686223125c",
                "sha256:e2ede7c1d45e65e209d6093b762e98e8318ddeff95317d07a27a2140b80cfd24",
                "sha256:e4ef9c164eb55123c62411f5936b5c2e521b12356037b6e1c2617cef45523d47",
                "sha256:eca2b7343524e7ba246cab8ff00cab47a2d6d54ada3b02772e908a45675722e2",
                "sha256:eee64c616adeff7db37cc37da4180a3a5b6177f5c46b187894e633f088fb5b28",
                "sha256:ef824cad1f980d27f26166f86856efe11eff9912c4fed97d3804820d43fa550c",
                "sha256:efc89291bd5a08855829a3c522df16d856455297cf35ae827a37edac45f466a7",
                "sha256:fa964bae817babece5aa2e8c1af841bebb6d0b9add8e637548809d040443fee0",
                "sha256:ff37757e068ae606659c28c3bd0d923f9d29a85de79bf25b2b34b148473b5025"
            ],
            "version": "==4.5.4"
        },
        "docutils": {
            "hashes": [
                "sha256:6c4f696463b79f1fb8ba0c594b63840ebd41f059e92b31957c46b74a4599b6d0",
                "sha256:9e4d7ecfc600058e07ba661411a2b7de2fd0fafa17d1a7f7361cd47b1175c827",
                "sha256:a2aeea129088da402665e92e0b25b04b073c04b2dce4ab65caaa38b7ce2e1a99"
            ],
            "version": "==0.15.2"
        },
        "entrypoints": {
            "hashes": [
                "sha256:589f874b313739ad35be6e0cd7efde2a4e9b6fea91edcc34e58ecbb8dbe56d19",
                "sha256:c70dd71abe5a8c85e55e12c19bd91ccfeec11a6e99044204511f9ed547d48451"
            ],
            "version": "==0.3"
        },
        "flake8": {
            "hashes": [
                "sha256:19241c1cbc971b9962473e4438a2ca19749a7dd002dd1a946eaba171b4114548",
                "sha256:8e9dfa3cecb2400b3738a42c54c3043e821682b9c840b0448c0503f781130696"
            ],
            "version": "==3.7.8"
        },
        "idna": {
            "hashes": [
                "sha256:c357b3f628cf53ae2c4c05627ecc484553142ca23264e593d327bcde5e9c3407",
                "sha256:ea8b7f6188e6fa117537c3df7da9fc686d485087abf6ac197f9c46432f7e4a3c"
            ],
            "version": "==2.8"
        },
        "importlib-metadata": {
            "hashes": [
                "sha256:aa18d7378b00b40847790e7c27e11673d7fed219354109d0e7b9e5b25dc3ad26",
                "sha256:d5f18a79777f3aa179c145737780282e27b508fc8fd688cb17c7a813e8bd39af"
            ],
            "markers": "python_version < '3.8'",
            "version": "==0.23"
        },
        "jmespath": {
            "hashes": [
                "sha256:3720a4b1bd659dd2eecad0666459b9788813e032b83e7ba58578e48254e0a0e6",
                "sha256:bde2aef6f44302dfb30320115b17d030798de8c4110e28d5cf6cf91a7a31074c"
            ],
            "version": "==0.9.4"
        },
        "mccabe": {
            "hashes": [
                "sha256:ab8a6258860da4b6677da4bd2fe5dc2c659cff31b3ee4f7f5d64e79735b80d42",
                "sha256:dd8d182285a0fe56bace7f45b5e7d1a6ebcbf524e8f3bd87eb0f125271b8831f"
            ],
            "version": "==0.6.1"
        },
        "more-itertools": {
            "hashes": [
                "sha256:409cd48d4db7052af495b09dec721011634af3753ae1ef92d2b32f73a745f832",
                "sha256:92b8c4b06dac4f0611c0729b2f2ede52b2e1bac1ab48f089c7ddc12e26bb60c4"
            ],
            "version": "==7.2.0"
        },
        "packaging": {
            "hashes": [
                "sha256:28b924174df7a2fa32c1953825ff29c61e2f5e082343165438812f00d3a7fc47",
                "sha256:d9551545c6d761f3def1677baf08ab2a3ca17c56879e70fecba2fc4dde4ed108"
            ],
            "version": "==19.2"
        },
        "pkginfo": {
            "hashes": [
                "sha256:7424f2c8511c186cd5424bbf31045b77435b37a8d604990b79d4e70d741148bb",
                "sha256:a6d9e40ca61ad3ebd0b72fbadd4fba16e4c0e4df0428c041e01e06eb6ee71f32"
            ],
            "version": "==1.5.0.1"
        },
        "pluggy": {
            "hashes": [
                "sha256:0db4b7601aae1d35b4a033282da476845aa19185c1e6964b25cf324b5e4ec3e6",
                "sha256:fa5fa1622fa6dd5c030e9cad086fa19ef6a0cf6d7a2d12318e10cb49d6d68f34"
            ],
            "version": "==0.13.0"
        },
        "py": {
            "hashes": [
                "sha256:64f65755aee5b381cea27766a3a147c3f15b9b6b9ac88676de66ba2ae36793fa",
                "sha256:dc639b046a6e2cff5bbe40194ad65936d6ba360b52b3c3fe1d08a82dd50b5e53"
            ],
            "version": "==1.8.0"
        },
        "pycodestyle": {
            "hashes": [
                "sha256:95a2219d12372f05704562a14ec30bc76b05a5b297b21a5dfe3f6fac3491ae56",
                "sha256:e40a936c9a450ad81df37f549d676d127b1b66000a6c500caa2b085bc0ca976c"
            ],
            "version": "==2.5.0"
        },
        "pyflakes": {
            "hashes": [
                "sha256:17dbeb2e3f4d772725c777fabc446d5634d1038f234e77343108ce445ea69ce0",
                "sha256:d976835886f8c5b31d47970ed689944a0262b5f3afa00a5a7b4dc81e5449f8a2"
            ],
            "version": "==2.1.1"
        },
        "pygments": {
            "hashes": [
                "sha256:71e430bc85c88a430f000ac1d9b331d2407f681d6f6aec95e8bcfbc3df5b0127",
                "sha256:881c4c157e45f30af185c1ffe8d549d48ac9127433f2c380c24b84572ad66297"
            ],
            "version": "==2.4.2"
        },
        "pyparsing": {
            "hashes": [
                "sha256:6f98a7b9397e206d78cc01df10131398f1c8b8510a2f4d97d9abd82e1aacdd80",
                "sha256:d9338df12903bbf5d65a0e4e87c2161968b10d2e489652bb47001d82a9b028b4"
            ],
            "version": "==2.4.2"
        },
        "pyroma": {
            "hashes": [
                "sha256:54d332f540d4828bc5672b75ccf9e12d4b2f72a42a4f304bcec1c73565aecc26",
                "sha256:6b94feb609e1896579302f0836ef2fad3f17e0557e3ddcd0d76206cd3e366d27"
            ],
            "version": "==2.5"
        },
        "pytest": {
            "hashes": [
                "sha256:7e4800063ccfc306a53c461442526c5571e1462f61583506ce97e4da6a1d88c8",
                "sha256:ca563435f4941d0cb34767301c27bc65c510cb82e90b9ecf9cb52dc2c63caaa0"
            ],
            "index": "pypi",
            "version": "==5.2.1"
        },
        "pytest-cov": {
            "hashes": [
                "sha256:cc6742d8bac45070217169f5f72ceee1e0e55b0221f54bcf24845972d3a47f2b",
                "sha256:cdbdef4f870408ebdbfeb44e63e07eb18bb4619fae852f6e760645fa36172626"
            ],
            "index": "pypi",
            "version": "==2.8.1"
        },
        "pytest-flake8": {
            "hashes": [
                "sha256:4d225c13e787471502ff94409dcf6f7927049b2ec251c63b764a4b17447b60c0",
                "sha256:d7e2b6b274a255b7ae35e9224c85294b471a83b76ecb6bd53c337ae977a499af"
            ],
            "index": "pypi",
            "version": "==1.0.4"
        },
        "python-dateutil": {
            "hashes": [
                "sha256:7e6584c74aeed623791615e26efd690f29817a27c73085b78e4bad02493df2fb",
                "sha256:c89805f6f4d64db21ed966fda138f8a5ed7a4fdbc1a8ee329ce1b74e3c74da9e"
            ],
            "markers": "python_version >= '2.7'",
            "version": "==2.8.0"
        },
        "readme-renderer": {
            "hashes": [
                "sha256:bb16f55b259f27f75f640acf5e00cf897845a8b3e4731b5c1a436e4b8529202f",
                "sha256:c8532b79afc0375a85f10433eca157d6b50f7d6990f337fa498c96cd4bfc203d"
            ],
            "version": "==24.0"
        },
        "requests": {
            "hashes": [
                "sha256:11e007a8a2aa0323f5a921e9e6a2d7e4e67d9877e85773fba9ba6419025cbeb4",
                "sha256:9cf5292fcd0f598c671cfc1e0d7d1a7f13bb8085e9a590f48c010551dc6c4b31"
            ],
            "index": "pypi",
            "version": "==2.22.0"
        },
        "requests-toolbelt": {
            "hashes": [
                "sha256:380606e1d10dc85c3bd47bf5a6095f815ec007be7a8b69c878507068df059e6f",
                "sha256:968089d4584ad4ad7c171454f0a5c6dac23971e9472521ea3b6d49d610aa6fc0"
            ],
            "version": "==0.9.1"
        },
        "six": {
            "hashes": [
                "sha256:3350809f0555b11f552448330d0b52d5f24c91a322ea4a15ef22629740f3761c",
                "sha256:d16a0141ec1a18405cd4ce8b4613101da75da0e9a7aec5bdd4fa804d0e0eba73"
            ],
            "version": "==1.12.0"
        },
        "toml": {
            "hashes": [
                "sha256:229f81c57791a41d65e399fc06bf0848bab550a9dfd5ed66df18ce5f05e73d5c",
                "sha256:235682dd292d5899d361a811df37e04a8828a5b1da3115886b73cf81ebc9100e"
            ],
            "version": "==0.10.0"
        },
        "tqdm": {
            "hashes": [
                "sha256:abc25d0ce2397d070ef07d8c7e706aede7920da163c64997585d42d3537ece3d",
                "sha256:dd3fcca8488bb1d416aa7469d2f277902f26260c45aa86b667b074cd44b3b115"
            ],
            "version": "==4.36.1"
        },
        "twine": {
            "hashes": [
                "sha256:5319dd3e02ac73fcddcd94f035b9631589ab5d23e1f4699d57365199d85261e1",
                "sha256:9fe7091715c7576df166df8ef6654e61bada39571783f2fd415bdcba867c6993"
            ],
            "version": "==2.0.0"
        },
        "urllib3": {
            "hashes": [
                "sha256:3de946ffbed6e6746608990594d08faac602528ac7015ac28d33cee6a45b7398",
                "sha256:9a107b99a5393caf59c7aa3c1249c16e6879447533d0887f4336dde834c7be86"
            ],
            "markers": "python_version >= '3.4'",
            "version": "==1.25.6"
        },
        "wcwidth": {
            "hashes": [
                "sha256:3df37372226d6e63e1b1e1eda15c594bca98a22d33a23832a90998faa96bc65e",
                "sha256:f4ebe71925af7b40a864553f761ed559b43544f8f71746c2d756c7fe788ade7c"
            ],
            "version": "==0.1.7"
        },
        "webencodings": {
            "hashes": [
                "sha256:a0af1213f3c2226497a97e2b3aa01a7e4bee4f403f95be16fc9acd2947514a78",
                "sha256:b36a1c245f2d304965eb4e0a82848379241dc04b865afcc4aab16748587e1923"
            ],
            "version": "==0.5.1"
        },
        "wheel": {
            "hashes": [
                "sha256:10c9da68765315ed98850f8e048347c3eb06dd81822dc2ab1d4fde9dc9702646",
                "sha256:f4da1763d3becf2e2cd92a14a7c920f0f00eca30fdde9ea992c836685b9faf28"
            ],
            "version": "==0.33.6"
        },
        "zest-releaser": {
            "extras": [
                "recommended"
            ],
            "hashes": [
                "sha256:145b192f8e9c4d081c466c5f4be8c393c78936bf7ac736e0baad3a66597fe754"
            ],
            "index": "pypi",
            "version": "==6.19.0"
        },
        "zipp": {
            "hashes": [
                "sha256:3718b1cbcd963c7d4c5511a8240812904164b7f381b647143a89d3b98f9bcd8e",
                "sha256:f06903e9f1f43b12d371004b4ac7b06ab39a44adc747266928ae6debfa7b3335"
            ],
            "version": "==0.6.0"
        }
    }
}
